
Microsoft Visual Studio Solution File, Format Version 12.00
# Visual Studio 2013
VisualStudioVersion = 12.0.21005.1
MinimumVisualStudioVersion = 10.0.40219.1
Project("{FAE04EC0-301F-11D3-BF4B-00C04F79EFBC}") = "Eagle.Core", "Eagle.Core\Eagle.Core.csproj", "{DDCADBEE-4C66-43BD-A1C8-76265134B9F2}"
EndProject
Project("{FAE04EC0-301F-11D3-BF4B-00C04F79EFBC}") = "Eagle.Common", "Eagle.Common\Eagle.Common.csproj", "{0CB524D0-68CB-47B8-8B9F-9915CBE19F31}"
EndProject
Project("{FAE04EC0-301F-11D3-BF4B-00C04F79EFBC}") = "Eagle.Domain", "Eagle.Domain\Eagle.Domain.csproj", "{3B98F11D-5383-4856-B82A-9EB6AE800603}"
EndProject
Project("{FAE04EC0-301F-11D3-BF4B-00C04F79EFBC}") = "Eagle.Data", "Eagle.Data\Eagle.Data.csproj", "{0C072ED7-DAB6-4657-B92B-65EB54810774}"
EndProject
Project("{FAE04EC0-301F-11D3-BF4B-00C04F79EFBC}") = "Eagle.Repositories.Sql", "Eagle.Repositories.SqlServer\Eagle.Repositories.Sql.csproj", "{69820BD8-912B-461F-BDC2-AFA43E318953}"
EndProject
Project("{FAE04EC0-301F-11D3-BF4B-00C04F79EFBC}") = "Eagle.Repositories.Dapper", "Eagle.Repositories.Dapper\Eagle.Repositories.Dapper.csproj", "{770EAFE0-B840-4A4A-B32D-FE19DDD8603A}"
EndProject
Project("{2150E333-8FDC-42A3-9474-1A3956D46DE8}") = "src", "src", "{A3F6AFC3-E13E-4438-B8DD-A5E0314A4D77}"
EndProject
Project("{2150E333-8FDC-42A3-9474-1A3956D46DE8}") = "tests", "tests", "{E9E1590F-7487-42B3-8315-2610C58E428C}"
EndProject
Project("{FAE04EC0-301F-11D3-BF4B-00C04F79EFBC}") = "Eagle.Tests", "..\tests\Eagle.Tests\Eagle.Tests.csproj", "{2CC86C4C-7F7F-418D-9828-EC99960E4C5C}"
EndProject
Project("{FAE04EC0-301F-11D3-BF4B-00C04F79EFBC}") = "Eagle.Tests.Domain", "..\tests\Eagle.Tests.Domain\Eagle.Tests.Domain.csproj", "{EDFF63AB-3B20-41E6-869D-26AA995DE025}"
EndProject
Project("{FAE04EC0-301F-11D3-BF4B-00C04F79EFBC}") = "Eagle.Tests.ServiceContracts", "..\tests\Eagle.Tests.ServiceContracts\Eagle.Tests.ServiceContracts.csproj", "{A2327927-2E7F-4DF7-83D8-BB617A3BB72D}"
EndProject
Project("{FAE04EC0-301F-11D3-BF4B-00C04F79EFBC}") = "Eagle.Tests.DataObjects", "..\tests\Eagle.Tests.DataObjects\Eagle.Tests.DataObjects.csproj", "{55CA50AC-5C76-44B4-9579-FF9090E1D905}"
EndProject
Project("{FAE04EC0-301F-11D3-BF4B-00C04F79EFBC}") = "Eagle.Tests.Application", "..\tests\Eagle.Tests.Application\Eagle.Tests.Application.csproj", "{331B4A2C-5544-4D0E-B471-ABADA28B2496}"
EndProject
Project("{FAE04EC0-301F-11D3-BF4B-00C04F79EFBC}") = "Eagle.Tests.Repositories", "..\tests\Eagle.Tests.Repositories\Eagle.Tests.Repositories.csproj", "{88554C06-0A93-4EE2-BF13-670433414698}"
EndProject
Project("{FAE04EC0-301F-11D3-BF4B-00C04F79EFBC}") = "Eagle.Tests.Commands", "..\tests\Eagle.Tests.Commands\Eagle.Tests.Commands.csproj", "{467E249E-6656-499E-BA28-299DA422FB6B}"
EndProject
Project("{FAE04EC0-301F-11D3-BF4B-00C04F79EFBC}") = "Eagle.Repositories.Lite", "Eagle.Repositories.Lite\Eagle.Repositories.Lite.csproj", "{BA9B8BA4-B971-429B-8F42-7D5633EBE625}"
EndProject
Project("{FAE04EC0-301F-11D3-BF4B-00C04F79EFBC}") = "ServiceStack.OrmLite", "ServiceStack\ServiceStack.OrmLite\ServiceStack.OrmLite.csproj", "{96179AC6-F6F1-40C3-9FDD-4F6582F54C5C}"
EndProject
Project("{FAE04EC0-301F-11D3-BF4B-00C04F79EFBC}") = "ServiceStack.OrmLite.SqlServerV45", "ServiceStack\ServiceStack.OrmLite.SqlServerV45\ServiceStack.OrmLite.SqlServerV45.csproj", "{6F851563-08F6-4692-89F8-F1D6C86F0069}"
EndProject
Project("{FAE04EC0-301F-11D3-BF4B-00C04F79EFBC}") = "ServiceStack.OrmLite.MySqlV45", "..\..\..\ServiceStack.OrmLite-master\ServiceStack.OrmLite-master\src\ServiceStack.OrmLite.MySqlV45\ServiceStack.OrmLite.MySqlV45.csproj", "{D1858737-FC4F-4432-8725-E5B79A13D5F6}"
EndProject
Project("{2150E333-8FDC-42A3-9474-1A3956D46DE8}") = ".nuget", ".nuget", "{82DB41E4-E8EC-4094-9C22-627EF5A59ECA}"
	ProjectSection(SolutionItems) = preProject
		.nuget\NuGet.Config = .nuget\NuGet.Config
		.nuget\NuGet.exe = .nuget\NuGet.exe
		.nuget\NuGet.targets = .nuget\NuGet.targets
	EndProjectSection
EndProject
Project("{FAE04EC0-301F-11D3-BF4B-00C04F79EFBC}") = "Eagle.Web.Core", "Eagle.Web.Core\Eagle.Web.Core.csproj", "{A88DC383-2528-477E-8342-6180F0A3E280}"
EndProject
Project("{FAE04EC0-301F-11D3-BF4B-00C04F79EFBC}") = "Eagle.Web.Caches", "Eagle.Web.Caches\Eagle.Web.Caches.csproj", "{6FA34017-09CB-4C8F-8EF0-D137970C614E}"
EndProject
Global
	GlobalSection(SolutionConfigurationPlatforms) = preSolution
		Debug|Any CPU = Debug|Any CPU
		Debug|Mixed Platforms = Debug|Mixed Platforms
		Debug|x86 = Debug|x86
		Default|Any CPU = Default|Any CPU
		Default|Mixed Platforms = Default|Mixed Platforms
		Default|x86 = Default|x86
		MonoTouch|Any CPU = MonoTouch|Any CPU
		MonoTouch|Mixed Platforms = MonoTouch|Mixed Platforms
		MonoTouch|x86 = MonoTouch|x86
		Release|Any CPU = Release|Any CPU
		Release|Mixed Platforms = Release|Mixed Platforms
		Release|x86 = Release|x86
		Signed|Any CPU = Signed|Any CPU
		Signed|Mixed Platforms = Signed|Mixed Platforms
		Signed|x86 = Signed|x86
		STATIC_ONLY NO_EXPRESSIONS|Any CPU = STATIC_ONLY NO_EXPRESSIONS|Any CPU
		STATIC_ONLY NO_EXPRESSIONS|Mixed Platforms = STATIC_ONLY NO_EXPRESSIONS|Mixed Platforms
		STATIC_ONLY NO_EXPRESSIONS|x86 = STATIC_ONLY NO_EXPRESSIONS|x86
	EndGlobalSection
	GlobalSection(ProjectConfigurationPlatforms) = postSolution
		{DDCADBEE-4C66-43BD-A1C8-76265134B9F2}.Debug|Any CPU.ActiveCfg = Debug|Any CPU
		{DDCADBEE-4C66-43BD-A1C8-76265134B9F2}.Debug|Any CPU.Build.0 = Debug|Any CPU
		{DDCADBEE-4C66-43BD-A1C8-76265134B9F2}.Debug|Mixed Platforms.ActiveCfg = Debug|Any CPU
		{DDCADBEE-4C66-43BD-A1C8-76265134B9F2}.Debug|Mixed Platforms.Build.0 = Debug|Any CPU
		{DDCADBEE-4C66-43BD-A1C8-76265134B9F2}.Debug|x86.ActiveCfg = Debug|Any CPU
		{DDCADBEE-4C66-43BD-A1C8-76265134B9F2}.Default|Any CPU.ActiveCfg = Debug|Any CPU
		{DDCADBEE-4C66-43BD-A1C8-76265134B9F2}.Default|Any CPU.Build.0 = Debug|Any CPU
		{DDCADBEE-4C66-43BD-A1C8-76265134B9F2}.Default|Mixed Platforms.ActiveCfg = Debug|Any CPU
		{DDCADBEE-4C66-43BD-A1C8-76265134B9F2}.Default|Mixed Platforms.Build.0 = Debug|Any CPU
		{DDCADBEE-4C66-43BD-A1C8-76265134B9F2}.Default|x86.ActiveCfg = Debug|Any CPU
		{DDCADBEE-4C66-43BD-A1C8-76265134B9F2}.MonoTouch|Any CPU.ActiveCfg = Release|Any CPU
		{DDCADBEE-4C66-43BD-A1C8-76265134B9F2}.MonoTouch|Any CPU.Build.0 = Release|Any CPU
		{DDCADBEE-4C66-43BD-A1C8-76265134B9F2}.MonoTouch|Mixed Platforms.ActiveCfg = Release|Any CPU
		{DDCADBEE-4C66-43BD-A1C8-76265134B9F2}.MonoTouch|Mixed Platforms.Build.0 = Release|Any CPU
		{DDCADBEE-4C66-43BD-A1C8-76265134B9F2}.MonoTouch|x86.ActiveCfg = Release|Any CPU
		{DDCADBEE-4C66-43BD-A1C8-76265134B9F2}.Release|Any CPU.ActiveCfg = Release|Any CPU
		{DDCADBEE-4C66-43BD-A1C8-76265134B9F2}.Release|Any CPU.Build.0 = Release|Any CPU
		{DDCADBEE-4C66-43BD-A1C8-76265134B9F2}.Release|Mixed Platforms.ActiveCfg = Release|Any CPU
		{DDCADBEE-4C66-43BD-A1C8-76265134B9F2}.Release|Mixed Platforms.Build.0 = Release|Any CPU
		{DDCADBEE-4C66-43BD-A1C8-76265134B9F2}.Release|x86.ActiveCfg = Release|Any CPU
		{DDCADBEE-4C66-43BD-A1C8-76265134B9F2}.Signed|Any CPU.ActiveCfg = Release|Any CPU
		{DDCADBEE-4C66-43BD-A1C8-76265134B9F2}.Signed|Any CPU.Build.0 = Release|Any CPU
		{DDCADBEE-4C66-43BD-A1C8-76265134B9F2}.Signed|Mixed Platforms.ActiveCfg = Release|Any CPU
		{DDCADBEE-4C66-43BD-A1C8-76265134B9F2}.Signed|Mixed Platforms.Build.0 = Release|Any CPU
		{DDCADBEE-4C66-43BD-A1C8-76265134B9F2}.Signed|x86.ActiveCfg = Release|Any CPU
		{DDCADBEE-4C66-43BD-A1C8-76265134B9F2}.STATIC_ONLY NO_EXPRESSIONS|Any CPU.ActiveCfg = Release|Any CPU
		{DDCADBEE-4C66-43BD-A1C8-76265134B9F2}.STATIC_ONLY NO_EXPRESSIONS|Any CPU.Build.0 = Release|Any CPU
		{DDCADBEE-4C66-43BD-A1C8-76265134B9F2}.STATIC_ONLY NO_EXPRESSIONS|Mixed Platforms.ActiveCfg = Release|Any CPU
		{DDCADBEE-4C66-43BD-A1C8-76265134B9F2}.STATIC_ONLY NO_EXPRESSIONS|Mixed Platforms.Build.0 = Release|Any CPU
		{DDCADBEE-4C66-43BD-A1C8-76265134B9F2}.STATIC_ONLY NO_EXPRESSIONS|x86.ActiveCfg = Release|Any CPU
		{0CB524D0-68CB-47B8-8B9F-9915CBE19F31}.Debug|Any CPU.ActiveCfg = Debug|Any CPU
		{0CB524D0-68CB-47B8-8B9F-9915CBE19F31}.Debug|Any CPU.Build.0 = Debug|Any CPU
		{0CB524D0-68CB-47B8-8B9F-9915CBE19F31}.Debug|Mixed Platforms.ActiveCfg = Debug|Any CPU
		{0CB524D0-68CB-47B8-8B9F-9915CBE19F31}.Debug|Mixed Platforms.Build.0 = Debug|Any CPU
		{0CB524D0-68CB-47B8-8B9F-9915CBE19F31}.Debug|x86.ActiveCfg = Debug|Any CPU
		{0CB524D0-68CB-47B8-8B9F-9915CBE19F31}.Default|Any CPU.ActiveCfg = Debug|Any CPU
		{0CB524D0-68CB-47B8-8B9F-9915CBE19F31}.Default|Any CPU.Build.0 = Debug|Any CPU
		{0CB524D0-68CB-47B8-8B9F-9915CBE19F31}.Default|Mixed Platforms.ActiveCfg = Debug|Any CPU
		{0CB524D0-68CB-47B8-8B9F-9915CBE19F31}.Default|Mixed Platforms.Build.0 = Debug|Any CPU
		{0CB524D0-68CB-47B8-8B9F-9915CBE19F31}.Default|x86.ActiveCfg = Debug|Any CPU
		{0CB524D0-68CB-47B8-8B9F-9915CBE19F31}.MonoTouch|Any CPU.ActiveCfg = Release|Any CPU
		{0CB524D0-68CB-47B8-8B9F-9915CBE19F31}.MonoTouch|Any CPU.Build.0 = Release|Any CPU
		{0CB524D0-68CB-47B8-8B9F-9915CBE19F31}.MonoTouch|Mixed Platforms.ActiveCfg = Release|Any CPU
		{0CB524D0-68CB-47B8-8B9F-9915CBE19F31}.MonoTouch|Mixed Platforms.Build.0 = Release|Any CPU
		{0CB524D0-68CB-47B8-8B9F-9915CBE19F31}.MonoTouch|x86.ActiveCfg = Release|Any CPU
		{0CB524D0-68CB-47B8-8B9F-9915CBE19F31}.Release|Any CPU.ActiveCfg = Release|Any CPU
		{0CB524D0-68CB-47B8-8B9F-9915CBE19F31}.Release|Any CPU.Build.0 = Release|Any CPU
		{0CB524D0-68CB-47B8-8B9F-9915CBE19F31}.Release|Mixed Platforms.ActiveCfg = Release|Any CPU
		{0CB524D0-68CB-47B8-8B9F-9915CBE19F31}.Release|Mixed Platforms.Build.0 = Release|Any CPU
		{0CB524D0-68CB-47B8-8B9F-9915CBE19F31}.Release|x86.ActiveCfg = Release|Any CPU
		{0CB524D0-68CB-47B8-8B9F-9915CBE19F31}.Signed|Any CPU.ActiveCfg = Release|Any CPU
		{0CB524D0-68CB-47B8-8B9F-9915CBE19F31}.Signed|Any CPU.Build.0 = Release|Any CPU
		{0CB524D0-68CB-47B8-8B9F-9915CBE19F31}.Signed|Mixed Platforms.ActiveCfg = Release|Any CPU
		{0CB524D0-68CB-47B8-8B9F-9915CBE19F31}.Signed|Mixed Platforms.Build.0 = Release|Any CPU
		{0CB524D0-68CB-47B8-8B9F-9915CBE19F31}.Signed|x86.ActiveCfg = Release|Any CPU
		{0CB524D0-68CB-47B8-8B9F-9915CBE19F31}.STATIC_ONLY NO_EXPRESSIONS|Any CPU.ActiveCfg = Release|Any CPU
		{0CB524D0-68CB-47B8-8B9F-9915CBE19F31}.STATIC_ONLY NO_EXPRESSIONS|Any CPU.Build.0 = Release|Any CPU
		{0CB524D0-68CB-47B8-8B9F-9915CBE19F31}.STATIC_ONLY NO_EXPRESSIONS|Mixed Platforms.ActiveCfg = Release|Any CPU
		{0CB524D0-68CB-47B8-8B9F-9915CBE19F31}.STATIC_ONLY NO_EXPRESSIONS|Mixed Platforms.Build.0 = Release|Any CPU
		{0CB524D0-68CB-47B8-8B9F-9915CBE19F31}.STATIC_ONLY NO_EXPRESSIONS|x86.ActiveCfg = Release|Any CPU
		{3B98F11D-5383-4856-B82A-9EB6AE800603}.Debug|Any CPU.ActiveCfg = Debug|Any CPU
		{3B98F11D-5383-4856-B82A-9EB6AE800603}.Debug|Any CPU.Build.0 = Debug|Any CPU
		{3B98F11D-5383-4856-B82A-9EB6AE800603}.Debug|Mixed Platforms.ActiveCfg = Debug|Any CPU
		{3B98F11D-5383-4856-B82A-9EB6AE800603}.Debug|Mixed Platforms.Build.0 = Debug|Any CPU
		{3B98F11D-5383-4856-B82A-9EB6AE800603}.Debug|x86.ActiveCfg = Debug|Any CPU
		{3B98F11D-5383-4856-B82A-9EB6AE800603}.Default|Any CPU.ActiveCfg = Debug|Any CPU
		{3B98F11D-5383-4856-B82A-9EB6AE800603}.Default|Any CPU.Build.0 = Debug|Any CPU
		{3B98F11D-5383-4856-B82A-9EB6AE800603}.Default|Mixed Platforms.ActiveCfg = Debug|Any CPU
		{3B98F11D-5383-4856-B82A-9EB6AE800603}.Default|Mixed Platforms.Build.0 = Debug|Any CPU
		{3B98F11D-5383-4856-B82A-9EB6AE800603}.Default|x86.ActiveCfg = Debug|Any CPU
		{3B98F11D-5383-4856-B82A-9EB6AE800603}.MonoTouch|Any CPU.ActiveCfg = Release|Any CPU
		{3B98F11D-5383-4856-B82A-9EB6AE800603}.MonoTouch|Any CPU.Build.0 = Release|Any CPU
		{3B98F11D-5383-4856-B82A-9EB6AE800603}.MonoTouch|Mixed Platforms.ActiveCfg = Release|Any CPU
		{3B98F11D-5383-4856-B82A-9EB6AE800603}.MonoTouch|Mixed Platforms.Build.0 = Release|Any CPU
		{3B98F11D-5383-4856-B82A-9EB6AE800603}.MonoTouch|x86.ActiveCfg = Release|Any CPU
		{3B98F11D-5383-4856-B82A-9EB6AE800603}.Release|Any CPU.ActiveCfg = Release|Any CPU
		{3B98F11D-5383-4856-B82A-9EB6AE800603}.Release|Any CPU.Build.0 = Release|Any CPU
		{3B98F11D-5383-4856-B82A-9EB6AE800603}.Release|Mixed Platforms.ActiveCfg = Release|Any CPU
		{3B98F11D-5383-4856-B82A-9EB6AE800603}.Release|Mixed Platforms.Build.0 = Release|Any CPU
		{3B98F11D-5383-4856-B82A-9EB6AE800603}.Release|x86.ActiveCfg = Release|Any CPU
		{3B98F11D-5383-4856-B82A-9EB6AE800603}.Signed|Any CPU.ActiveCfg = Release|Any CPU
		{3B98F11D-5383-4856-B82A-9EB6AE800603}.Signed|Any CPU.Build.0 = Release|Any CPU
		{3B98F11D-5383-4856-B82A-9EB6AE800603}.Signed|Mixed Platforms.ActiveCfg = Release|Any CPU
		{3B98F11D-5383-4856-B82A-9EB6AE800603}.Signed|Mixed Platforms.Build.0 = Release|Any CPU
		{3B98F11D-5383-4856-B82A-9EB6AE800603}.Signed|x86.ActiveCfg = Release|Any CPU
		{3B98F11D-5383-4856-B82A-9EB6AE800603}.STATIC_ONLY NO_EXPRESSIONS|Any CPU.ActiveCfg = Release|Any CPU
		{3B98F11D-5383-4856-B82A-9EB6AE800603}.STATIC_ONLY NO_EXPRESSIONS|Any CPU.Build.0 = Release|Any CPU
		{3B98F11D-5383-4856-B82A-9EB6AE800603}.STATIC_ONLY NO_EXPRESSIONS|Mixed Platforms.ActiveCfg = Release|Any CPU
		{3B98F11D-5383-4856-B82A-9EB6AE800603}.STATIC_ONLY NO_EXPRESSIONS|Mixed Platforms.Build.0 = Release|Any CPU
		{3B98F11D-5383-4856-B82A-9EB6AE800603}.STATIC_ONLY NO_EXPRESSIONS|x86.ActiveCfg = Release|Any CPU
		{0C072ED7-DAB6-4657-B92B-65EB54810774}.Debug|Any CPU.ActiveCfg = Debug|Any CPU
		{0C072ED7-DAB6-4657-B92B-65EB54810774}.Debug|Any CPU.Build.0 = Debug|Any CPU
		{0C072ED7-DAB6-4657-B92B-65EB54810774}.Debug|Mixed Platforms.ActiveCfg = Debug|Any CPU
		{0C072ED7-DAB6-4657-B92B-65EB54810774}.Debug|Mixed Platforms.Build.0 = Debug|Any CPU
		{0C072ED7-DAB6-4657-B92B-65EB54810774}.Debug|x86.ActiveCfg = Debug|Any CPU
		{0C072ED7-DAB6-4657-B92B-65EB54810774}.Default|Any CPU.ActiveCfg = Debug|Any CPU
		{0C072ED7-DAB6-4657-B92B-65EB54810774}.Default|Any CPU.Build.0 = Debug|Any CPU
		{0C072ED7-DAB6-4657-B92B-65EB54810774}.Default|Mixed Platforms.ActiveCfg = Debug|Any CPU
		{0C072ED7-DAB6-4657-B92B-65EB54810774}.Default|Mixed Platforms.Build.0 = Debug|Any CPU
		{0C072ED7-DAB6-4657-B92B-65EB54810774}.Default|x86.ActiveCfg = Debug|Any CPU
		{0C072ED7-DAB6-4657-B92B-65EB54810774}.MonoTouch|Any CPU.ActiveCfg = Release|Any CPU
		{0C072ED7-DAB6-4657-B92B-65EB54810774}.MonoTouch|Any CPU.Build.0 = Release|Any CPU
		{0C072ED7-DAB6-4657-B92B-65EB54810774}.MonoTouch|Mixed Platforms.ActiveCfg = Release|Any CPU
		{0C072ED7-DAB6-4657-B92B-65EB54810774}.MonoTouch|Mixed Platforms.Build.0 = Release|Any CPU
		{0C072ED7-DAB6-4657-B92B-65EB54810774}.MonoTouch|x86.ActiveCfg = Release|Any CPU
		{0C072ED7-DAB6-4657-B92B-65EB54810774}.Release|Any CPU.ActiveCfg = Release|Any CPU
		{0C072ED7-DAB6-4657-B92B-65EB54810774}.Release|Any CPU.Build.0 = Release|Any CPU
		{0C072ED7-DAB6-4657-B92B-65EB54810774}.Release|Mixed Platforms.ActiveCfg = Release|Any CPU
		{0C072ED7-DAB6-4657-B92B-65EB54810774}.Release|Mixed Platforms.Build.0 = Release|Any CPU
		{0C072ED7-DAB6-4657-B92B-65EB54810774}.Release|x86.ActiveCfg = Release|Any CPU
		{0C072ED7-DAB6-4657-B92B-65EB54810774}.Signed|Any CPU.ActiveCfg = Release|Any CPU
		{0C072ED7-DAB6-4657-B92B-65EB54810774}.Signed|Any CPU.Build.0 = Release|Any CPU
		{0C072ED7-DAB6-4657-B92B-65EB54810774}.Signed|Mixed Platforms.ActiveCfg = Release|Any CPU
		{0C072ED7-DAB6-4657-B92B-65EB54810774}.Signed|Mixed Platforms.Build.0 = Release|Any CPU
		{0C072ED7-DAB6-4657-B92B-65EB54810774}.Signed|x86.ActiveCfg = Release|Any CPU
		{0C072ED7-DAB6-4657-B92B-65EB54810774}.STATIC_ONLY NO_EXPRESSIONS|Any CPU.ActiveCfg = Release|Any CPU
		{0C072ED7-DAB6-4657-B92B-65EB54810774}.STATIC_ONLY NO_EXPRESSIONS|Any CPU.Build.0 = Release|Any CPU
		{0C072ED7-DAB6-4657-B92B-65EB54810774}.STATIC_ONLY NO_EXPRESSIONS|Mixed Platforms.ActiveCfg = Release|Any CPU
		{0C072ED7-DAB6-4657-B92B-65EB54810774}.STATIC_ONLY NO_EXPRESSIONS|Mixed Platforms.Build.0 = Release|Any CPU
		{0C072ED7-DAB6-4657-B92B-65EB54810774}.STATIC_ONLY NO_EXPRESSIONS|x86.ActiveCfg = Release|Any CPU
		{69820BD8-912B-461F-BDC2-AFA43E318953}.Debug|Any CPU.ActiveCfg = Debug|Any CPU
		{69820BD8-912B-461F-BDC2-AFA43E318953}.Debug|Any CPU.Build.0 = Debug|Any CPU
		{69820BD8-912B-461F-BDC2-AFA43E318953}.Debug|Mixed Platforms.ActiveCfg = Debug|Any CPU
		{69820BD8-912B-461F-BDC2-AFA43E318953}.Debug|Mixed Platforms.Build.0 = Debug|Any CPU
		{69820BD8-912B-461F-BDC2-AFA43E318953}.Debug|x86.ActiveCfg = Debug|Any CPU
		{69820BD8-912B-461F-BDC2-AFA43E318953}.Default|Any CPU.ActiveCfg = Debug|Any CPU
		{69820BD8-912B-461F-BDC2-AFA43E318953}.Default|Any CPU.Build.0 = Debug|Any CPU
		{69820BD8-912B-461F-BDC2-AFA43E318953}.Default|Mixed Platforms.ActiveCfg = Debug|Any CPU
		{69820BD8-912B-461F-BDC2-AFA43E318953}.Default|Mixed Platforms.Build.0 = Debug|Any CPU
		{69820BD8-912B-461F-BDC2-AFA43E318953}.Default|x86.ActiveCfg = Debug|Any CPU
		{69820BD8-912B-461F-BDC2-AFA43E318953}.MonoTouch|Any CPU.ActiveCfg = Release|Any CPU
		{69820BD8-912B-461F-BDC2-AFA43E318953}.MonoTouch|Any CPU.Build.0 = Release|Any CPU
		{69820BD8-912B-461F-BDC2-AFA43E318953}.MonoTouch|Mixed Platforms.ActiveCfg = Release|Any CPU
		{69820BD8-912B-461F-BDC2-AFA43E318953}.MonoTouch|Mixed Platforms.Build.0 = Release|Any CPU
		{69820BD8-912B-461F-BDC2-AFA43E318953}.MonoTouch|x86.ActiveCfg = Release|Any CPU
		{69820BD8-912B-461F-BDC2-AFA43E318953}.Release|Any CPU.ActiveCfg = Release|Any CPU
		{69820BD8-912B-461F-BDC2-AFA43E318953}.Release|Any CPU.Build.0 = Release|Any CPU
		{69820BD8-912B-461F-BDC2-AFA43E318953}.Release|Mixed Platforms.ActiveCfg = Release|Any CPU
		{69820BD8-912B-461F-BDC2-AFA43E318953}.Release|Mixed Platforms.Build.0 = Release|Any CPU
		{69820BD8-912B-461F-BDC2-AFA43E318953}.Release|x86.ActiveCfg = Release|Any CPU
		{69820BD8-912B-461F-BDC2-AFA43E318953}.Signed|Any CPU.ActiveCfg = Release|Any CPU
		{69820BD8-912B-461F-BDC2-AFA43E318953}.Signed|Any CPU.Build.0 = Release|Any CPU
		{69820BD8-912B-461F-BDC2-AFA43E318953}.Signed|Mixed Platforms.ActiveCfg = Release|Any CPU
		{69820BD8-912B-461F-BDC2-AFA43E318953}.Signed|Mixed Platforms.Build.0 = Release|Any CPU
		{69820BD8-912B-461F-BDC2-AFA43E318953}.Signed|x86.ActiveCfg = Release|Any CPU
		{69820BD8-912B-461F-BDC2-AFA43E318953}.STATIC_ONLY NO_EXPRESSIONS|Any CPU.ActiveCfg = Release|Any CPU
		{69820BD8-912B-461F-BDC2-AFA43E318953}.STATIC_ONLY NO_EXPRESSIONS|Any CPU.Build.0 = Release|Any CPU
		{69820BD8-912B-461F-BDC2-AFA43E318953}.STATIC_ONLY NO_EXPRESSIONS|Mixed Platforms.ActiveCfg = Release|Any CPU
		{69820BD8-912B-461F-BDC2-AFA43E318953}.STATIC_ONLY NO_EXPRESSIONS|Mixed Platforms.Build.0 = Release|Any CPU
		{69820BD8-912B-461F-BDC2-AFA43E318953}.STATIC_ONLY NO_EXPRESSIONS|x86.ActiveCfg = Release|Any CPU
		{770EAFE0-B840-4A4A-B32D-FE19DDD8603A}.Debug|Any CPU.ActiveCfg = Debug|Any CPU
		{770EAFE0-B840-4A4A-B32D-FE19DDD8603A}.Debug|Any CPU.Build.0 = Debug|Any CPU
		{770EAFE0-B840-4A4A-B32D-FE19DDD8603A}.Debug|Mixed Platforms.ActiveCfg = Debug|Any CPU
		{770EAFE0-B840-4A4A-B32D-FE19DDD8603A}.Debug|Mixed Platforms.Build.0 = Debug|Any CPU
		{770EAFE0-B840-4A4A-B32D-FE19DDD8603A}.Debug|x86.ActiveCfg = Debug|Any CPU
		{770EAFE0-B840-4A4A-B32D-FE19DDD8603A}.Default|Any CPU.ActiveCfg = Debug|Any CPU
		{770EAFE0-B840-4A4A-B32D-FE19DDD8603A}.Default|Any CPU.Build.0 = Debug|Any CPU
		{770EAFE0-B840-4A4A-B32D-FE19DDD8603A}.Default|Mixed Platforms.ActiveCfg = Debug|Any CPU
		{770EAFE0-B840-4A4A-B32D-FE19DDD8603A}.Default|Mixed Platforms.Build.0 = Debug|Any CPU
		{770EAFE0-B840-4A4A-B32D-FE19DDD8603A}.Default|x86.ActiveCfg = Debug|Any CPU
		{770EAFE0-B840-4A4A-B32D-FE19DDD8603A}.MonoTouch|Any CPU.ActiveCfg = Release|Any CPU
		{770EAFE0-B840-4A4A-B32D-FE19DDD8603A}.MonoTouch|Any CPU.Build.0 = Release|Any CPU
		{770EAFE0-B840-4A4A-B32D-FE19DDD8603A}.MonoTouch|Mixed Platforms.ActiveCfg = Release|Any CPU
		{770EAFE0-B840-4A4A-B32D-FE19DDD8603A}.MonoTouch|Mixed Platforms.Build.0 = Release|Any CPU
		{770EAFE0-B840-4A4A-B32D-FE19DDD8603A}.MonoTouch|x86.ActiveCfg = Release|Any CPU
		{770EAFE0-B840-4A4A-B32D-FE19DDD8603A}.Release|Any CPU.ActiveCfg = Release|Any CPU
		{770EAFE0-B840-4A4A-B32D-FE19DDD8603A}.Release|Any CPU.Build.0 = Release|Any CPU
		{770EAFE0-B840-4A4A-B32D-FE19DDD8603A}.Release|Mixed Platforms.ActiveCfg = Release|Any CPU
		{770EAFE0-B840-4A4A-B32D-FE19DDD8603A}.Release|Mixed Platforms.Build.0 = Release|Any CPU
		{770EAFE0-B840-4A4A-B32D-FE19DDD8603A}.Release|x86.ActiveCfg = Release|Any CPU
		{770EAFE0-B840-4A4A-B32D-FE19DDD8603A}.Signed|Any CPU.ActiveCfg = Release|Any CPU
		{770EAFE0-B840-4A4A-B32D-FE19DDD8603A}.Signed|Any CPU.Build.0 = Release|Any CPU
		{770EAFE0-B840-4A4A-B32D-FE19DDD8603A}.Signed|Mixed Platforms.ActiveCfg = Release|Any CPU
		{770EAFE0-B840-4A4A-B32D-FE19DDD8603A}.Signed|Mixed Platforms.Build.0 = Release|Any CPU
		{770EAFE0-B840-4A4A-B32D-FE19DDD8603A}.Signed|x86.ActiveCfg = Release|Any CPU
		{770EAFE0-B840-4A4A-B32D-FE19DDD8603A}.STATIC_ONLY NO_EXPRESSIONS|Any CPU.ActiveCfg = Release|Any CPU
		{770EAFE0-B840-4A4A-B32D-FE19DDD8603A}.STATIC_ONLY NO_EXPRESSIONS|Any CPU.Build.0 = Release|Any CPU
		{770EAFE0-B840-4A4A-B32D-FE19DDD8603A}.STATIC_ONLY NO_EXPRESSIONS|Mixed Platforms.ActiveCfg = Release|Any CPU
		{770EAFE0-B840-4A4A-B32D-FE19DDD8603A}.STATIC_ONLY NO_EXPRESSIONS|Mixed Platforms.Build.0 = Release|Any CPU
		{770EAFE0-B840-4A4A-B32D-FE19DDD8603A}.STATIC_ONLY NO_EXPRESSIONS|x86.ActiveCfg = Release|Any CPU
		{2CC86C4C-7F7F-418D-9828-EC99960E4C5C}.Debug|Any CPU.ActiveCfg = Debug|Any CPU
		{2CC86C4C-7F7F-418D-9828-EC99960E4C5C}.Debug|Any CPU.Build.0 = Debug|Any CPU
		{2CC86C4C-7F7F-418D-9828-EC99960E4C5C}.Debug|Mixed Platforms.ActiveCfg = Debug|Any CPU
		{2CC86C4C-7F7F-418D-9828-EC99960E4C5C}.Debug|Mixed Platforms.Build.0 = Debug|Any CPU
		{2CC86C4C-7F7F-418D-9828-EC99960E4C5C}.Debug|x86.ActiveCfg = Debug|Any CPU
		{2CC86C4C-7F7F-418D-9828-EC99960E4C5C}.Default|Any CPU.ActiveCfg = Debug|Any CPU
		{2CC86C4C-7F7F-418D-9828-EC99960E4C5C}.Default|Any CPU.Build.0 = Debug|Any CPU
		{2CC86C4C-7F7F-418D-9828-EC99960E4C5C}.Default|Mixed Platforms.ActiveCfg = Debug|Any CPU
		{2CC86C4C-7F7F-418D-9828-EC99960E4C5C}.Default|Mixed Platforms.Build.0 = Debug|Any CPU
		{2CC86C4C-7F7F-418D-9828-EC99960E4C5C}.Default|x86.ActiveCfg = Debug|Any CPU
		{2CC86C4C-7F7F-418D-9828-EC99960E4C5C}.MonoTouch|Any CPU.ActiveCfg = Release|Any CPU
		{2CC86C4C-7F7F-418D-9828-EC99960E4C5C}.MonoTouch|Any CPU.Build.0 = Release|Any CPU
		{2CC86C4C-7F7F-418D-9828-EC99960E4C5C}.MonoTouch|Mixed Platforms.ActiveCfg = Release|Any CPU
		{2CC86C4C-7F7F-418D-9828-EC99960E4C5C}.MonoTouch|Mixed Platforms.Build.0 = Release|Any CPU
		{2CC86C4C-7F7F-418D-9828-EC99960E4C5C}.MonoTouch|x86.ActiveCfg = Release|Any CPU
		{2CC86C4C-7F7F-418D-9828-EC99960E4C5C}.Release|Any CPU.ActiveCfg = Release|Any CPU
		{2CC86C4C-7F7F-418D-9828-EC99960E4C5C}.Release|Any CPU.Build.0 = Release|Any CPU
		{2CC86C4C-7F7F-418D-9828-EC99960E4C5C}.Release|Mixed Platforms.ActiveCfg = Release|Any CPU
		{2CC86C4C-7F7F-418D-9828-EC99960E4C5C}.Release|Mixed Platforms.Build.0 = Release|Any CPU
		{2CC86C4C-7F7F-418D-9828-EC99960E4C5C}.Release|x86.ActiveCfg = Release|Any CPU
		{2CC86C4C-7F7F-418D-9828-EC99960E4C5C}.Signed|Any CPU.ActiveCfg = Release|Any CPU
		{2CC86C4C-7F7F-418D-9828-EC99960E4C5C}.Signed|Any CPU.Build.0 = Release|Any CPU
		{2CC86C4C-7F7F-418D-9828-EC99960E4C5C}.Signed|Mixed Platforms.ActiveCfg = Release|Any CPU
		{2CC86C4C-7F7F-418D-9828-EC99960E4C5C}.Signed|Mixed Platforms.Build.0 = Release|Any CPU
		{2CC86C4C-7F7F-418D-9828-EC99960E4C5C}.Signed|x86.ActiveCfg = Release|Any CPU
		{2CC86C4C-7F7F-418D-9828-EC99960E4C5C}.STATIC_ONLY NO_EXPRESSIONS|Any CPU.ActiveCfg = Release|Any CPU
		{2CC86C4C-7F7F-418D-9828-EC99960E4C5C}.STATIC_ONLY NO_EXPRESSIONS|Any CPU.Build.0 = Release|Any CPU
		{2CC86C4C-7F7F-418D-9828-EC99960E4C5C}.STATIC_ONLY NO_EXPRESSIONS|Mixed Platforms.ActiveCfg = Release|Any CPU
		{2CC86C4C-7F7F-418D-9828-EC99960E4C5C}.STATIC_ONLY NO_EXPRESSIONS|Mixed Platforms.Build.0 = Release|Any CPU
		{2CC86C4C-7F7F-418D-9828-EC99960E4C5C}.STATIC_ONLY NO_EXPRESSIONS|x86.ActiveCfg = Release|Any CPU
		{EDFF63AB-3B20-41E6-869D-26AA995DE025}.Debug|Any CPU.ActiveCfg = Debug|Any CPU
		{EDFF63AB-3B20-41E6-869D-26AA995DE025}.Debug|Any CPU.Build.0 = Debug|Any CPU
		{EDFF63AB-3B20-41E6-869D-26AA995DE025}.Debug|Mixed Platforms.ActiveCfg = Debug|Any CPU
		{EDFF63AB-3B20-41E6-869D-26AA995DE025}.Debug|Mixed Platforms.Build.0 = Debug|Any CPU
		{EDFF63AB-3B20-41E6-869D-26AA995DE025}.Debug|x86.ActiveCfg = Debug|Any CPU
		{EDFF63AB-3B20-41E6-869D-26AA995DE025}.Default|Any CPU.ActiveCfg = Debug|Any CPU
		{EDFF63AB-3B20-41E6-869D-26AA995DE025}.Default|Any CPU.Build.0 = Debug|Any CPU
		{EDFF63AB-3B20-41E6-869D-26AA995DE025}.Default|Mixed Platforms.ActiveCfg = Debug|Any CPU
		{EDFF63AB-3B20-41E6-869D-26AA995DE025}.Default|Mixed Platforms.Build.0 = Debug|Any CPU
		{EDFF63AB-3B20-41E6-869D-26AA995DE025}.Default|x86.ActiveCfg = Debug|Any CPU
		{EDFF63AB-3B20-41E6-869D-26AA995DE025}.MonoTouch|Any CPU.ActiveCfg = Release|Any CPU
		{EDFF63AB-3B20-41E6-869D-26AA995DE025}.MonoTouch|Any CPU.Build.0 = Release|Any CPU
		{EDFF63AB-3B20-41E6-869D-26AA995DE025}.MonoTouch|Mixed Platforms.ActiveCfg = Release|Any CPU
		{EDFF63AB-3B20-41E6-869D-26AA995DE025}.MonoTouch|Mixed Platforms.Build.0 = Release|Any CPU
		{EDFF63AB-3B20-41E6-869D-26AA995DE025}.MonoTouch|x86.ActiveCfg = Release|Any CPU
		{EDFF63AB-3B20-41E6-869D-26AA995DE025}.Release|Any CPU.ActiveCfg = Release|Any CPU
		{EDFF63AB-3B20-41E6-869D-26AA995DE025}.Release|Any CPU.Build.0 = Release|Any CPU
		{EDFF63AB-3B20-41E6-869D-26AA995DE025}.Release|Mixed Platforms.ActiveCfg = Release|Any CPU
		{EDFF63AB-3B20-41E6-869D-26AA995DE025}.Release|Mixed Platforms.Build.0 = Release|Any CPU
		{EDFF63AB-3B20-41E6-869D-26AA995DE025}.Release|x86.ActiveCfg = Release|Any CPU
		{EDFF63AB-3B20-41E6-869D-26AA995DE025}.Signed|Any CPU.ActiveCfg = Release|Any CPU
		{EDFF63AB-3B20-41E6-869D-26AA995DE025}.Signed|Any CPU.Build.0 = Release|Any CPU
		{EDFF63AB-3B20-41E6-869D-26AA995DE025}.Signed|Mixed Platforms.ActiveCfg = Release|Any CPU
		{EDFF63AB-3B20-41E6-869D-26AA995DE025}.Signed|Mixed Platforms.Build.0 = Release|Any CPU
		{EDFF63AB-3B20-41E6-869D-26AA995DE025}.Signed|x86.ActiveCfg = Release|Any CPU
		{EDFF63AB-3B20-41E6-869D-26AA995DE025}.STATIC_ONLY NO_EXPRESSIONS|Any CPU.ActiveCfg = Release|Any CPU
		{EDFF63AB-3B20-41E6-869D-26AA995DE025}.STATIC_ONLY NO_EXPRESSIONS|Any CPU.Build.0 = Release|Any CPU
		{EDFF63AB-3B20-41E6-869D-26AA995DE025}.STATIC_ONLY NO_EXPRESSIONS|Mixed Platforms.ActiveCfg = Release|Any CPU
		{EDFF63AB-3B20-41E6-869D-26AA995DE025}.STATIC_ONLY NO_EXPRESSIONS|Mixed Platforms.Build.0 = Release|Any CPU
		{EDFF63AB-3B20-41E6-869D-26AA995DE025}.STATIC_ONLY NO_EXPRESSIONS|x86.ActiveCfg = Release|Any CPU
		{A2327927-2E7F-4DF7-83D8-BB617A3BB72D}.Debug|Any CPU.ActiveCfg = Debug|Any CPU
		{A2327927-2E7F-4DF7-83D8-BB617A3BB72D}.Debug|Any CPU.Build.0 = Debug|Any CPU
		{A2327927-2E7F-4DF7-83D8-BB617A3BB72D}.Debug|Mixed Platforms.ActiveCfg = Debug|Any CPU
		{A2327927-2E7F-4DF7-83D8-BB617A3BB72D}.Debug|Mixed Platforms.Build.0 = Debug|Any CPU
		{A2327927-2E7F-4DF7-83D8-BB617A3BB72D}.Debug|x86.ActiveCfg = Debug|Any CPU
		{A2327927-2E7F-4DF7-83D8-BB617A3BB72D}.Default|Any CPU.ActiveCfg = Debug|Any CPU
		{A2327927-2E7F-4DF7-83D8-BB617A3BB72D}.Default|Any CPU.Build.0 = Debug|Any CPU
		{A2327927-2E7F-4DF7-83D8-BB617A3BB72D}.Default|Mixed Platforms.ActiveCfg = Debug|Any CPU
		{A2327927-2E7F-4DF7-83D8-BB617A3BB72D}.Default|Mixed Platforms.Build.0 = Debug|Any CPU
		{A2327927-2E7F-4DF7-83D8-BB617A3BB72D}.Default|x86.ActiveCfg = Debug|Any CPU
		{A2327927-2E7F-4DF7-83D8-BB617A3BB72D}.MonoTouch|Any CPU.ActiveCfg = Release|Any CPU
		{A2327927-2E7F-4DF7-83D8-BB617A3BB72D}.MonoTouch|Any CPU.Build.0 = Release|Any CPU
		{A2327927-2E7F-4DF7-83D8-BB617A3BB72D}.MonoTouch|Mixed Platforms.ActiveCfg = Release|Any CPU
		{A2327927-2E7F-4DF7-83D8-BB617A3BB72D}.MonoTouch|Mixed Platforms.Build.0 = Release|Any CPU
		{A2327927-2E7F-4DF7-83D8-BB617A3BB72D}.MonoTouch|x86.ActiveCfg = Release|Any CPU
		{A2327927-2E7F-4DF7-83D8-BB617A3BB72D}.Release|Any CPU.ActiveCfg = Release|Any CPU
		{A2327927-2E7F-4DF7-83D8-BB617A3BB72D}.Release|Any CPU.Build.0 = Release|Any CPU
		{A2327927-2E7F-4DF7-83D8-BB617A3BB72D}.Release|Mixed Platforms.ActiveCfg = Release|Any CPU
		{A2327927-2E7F-4DF7-83D8-BB617A3BB72D}.Release|Mixed Platforms.Build.0 = Release|Any CPU
		{A2327927-2E7F-4DF7-83D8-BB617A3BB72D}.Release|x86.ActiveCfg = Release|Any CPU
		{A2327927-2E7F-4DF7-83D8-BB617A3BB72D}.Signed|Any CPU.ActiveCfg = Release|Any CPU
		{A2327927-2E7F-4DF7-83D8-BB617A3BB72D}.Signed|Any CPU.Build.0 = Release|Any CPU
		{A2327927-2E7F-4DF7-83D8-BB617A3BB72D}.Signed|Mixed Platforms.ActiveCfg = Release|Any CPU
		{A2327927-2E7F-4DF7-83D8-BB617A3BB72D}.Signed|Mixed Platforms.Build.0 = Release|Any CPU
		{A2327927-2E7F-4DF7-83D8-BB617A3BB72D}.Signed|x86.ActiveCfg = Release|Any CPU
		{A2327927-2E7F-4DF7-83D8-BB617A3BB72D}.STATIC_ONLY NO_EXPRESSIONS|Any CPU.ActiveCfg = Release|Any CPU
		{A2327927-2E7F-4DF7-83D8-BB617A3BB72D}.STATIC_ONLY NO_EXPRESSIONS|Any CPU.Build.0 = Release|Any CPU
		{A2327927-2E7F-4DF7-83D8-BB617A3BB72D}.STATIC_ONLY NO_EXPRESSIONS|Mixed Platforms.ActiveCfg = Release|Any CPU
		{A2327927-2E7F-4DF7-83D8-BB617A3BB72D}.STATIC_ONLY NO_EXPRESSIONS|Mixed Platforms.Build.0 = Release|Any CPU
		{A2327927-2E7F-4DF7-83D8-BB617A3BB72D}.STATIC_ONLY NO_EXPRESSIONS|x86.ActiveCfg = Release|Any CPU
		{55CA50AC-5C76-44B4-9579-FF9090E1D905}.Debug|Any CPU.ActiveCfg = Debug|Any CPU
		{55CA50AC-5C76-44B4-9579-FF9090E1D905}.Debug|Any CPU.Build.0 = Debug|Any CPU
		{55CA50AC-5C76-44B4-9579-FF9090E1D905}.Debug|Mixed Platforms.ActiveCfg = Debug|Any CPU
		{55CA50AC-5C76-44B4-9579-FF9090E1D905}.Debug|Mixed Platforms.Build.0 = Debug|Any CPU
		{55CA50AC-5C76-44B4-9579-FF9090E1D905}.Debug|x86.ActiveCfg = Debug|Any CPU
		{55CA50AC-5C76-44B4-9579-FF9090E1D905}.Default|Any CPU.ActiveCfg = Debug|Any CPU
		{55CA50AC-5C76-44B4-9579-FF9090E1D905}.Default|Any CPU.Build.0 = Debug|Any CPU
		{55CA50AC-5C76-44B4-9579-FF9090E1D905}.Default|Mixed Platforms.ActiveCfg = Debug|Any CPU
		{55CA50AC-5C76-44B4-9579-FF9090E1D905}.Default|Mixed Platforms.Build.0 = Debug|Any CPU
		{55CA50AC-5C76-44B4-9579-FF9090E1D905}.Default|x86.ActiveCfg = Debug|Any CPU
		{55CA50AC-5C76-44B4-9579-FF9090E1D905}.MonoTouch|Any CPU.ActiveCfg = Release|Any CPU
		{55CA50AC-5C76-44B4-9579-FF9090E1D905}.MonoTouch|Any CPU.Build.0 = Release|Any CPU
		{55CA50AC-5C76-44B4-9579-FF9090E1D905}.MonoTouch|Mixed Platforms.ActiveCfg = Release|Any CPU
		{55CA50AC-5C76-44B4-9579-FF9090E1D905}.MonoTouch|Mixed Platforms.Build.0 = Release|Any CPU
		{55CA50AC-5C76-44B4-9579-FF9090E1D905}.MonoTouch|x86.ActiveCfg = Release|Any CPU
		{55CA50AC-5C76-44B4-9579-FF9090E1D905}.Release|Any CPU.ActiveCfg = Release|Any CPU
		{55CA50AC-5C76-44B4-9579-FF9090E1D905}.Release|Any CPU.Build.0 = Release|Any CPU
		{55CA50AC-5C76-44B4-9579-FF9090E1D905}.Release|Mixed Platforms.ActiveCfg = Release|Any CPU
		{55CA50AC-5C76-44B4-9579-FF9090E1D905}.Release|Mixed Platforms.Build.0 = Release|Any CPU
		{55CA50AC-5C76-44B4-9579-FF9090E1D905}.Release|x86.ActiveCfg = Release|Any CPU
		{55CA50AC-5C76-44B4-9579-FF9090E1D905}.Signed|Any CPU.ActiveCfg = Release|Any CPU
		{55CA50AC-5C76-44B4-9579-FF9090E1D905}.Signed|Any CPU.Build.0 = Release|Any CPU
		{55CA50AC-5C76-44B4-9579-FF9090E1D905}.Signed|Mixed Platforms.ActiveCfg = Release|Any CPU
		{55CA50AC-5C76-44B4-9579-FF9090E1D905}.Signed|Mixed Platforms.Build.0 = Release|Any CPU
		{55CA50AC-5C76-44B4-9579-FF9090E1D905}.Signed|x86.ActiveCfg = Release|Any CPU
		{55CA50AC-5C76-44B4-9579-FF9090E1D905}.STATIC_ONLY NO_EXPRESSIONS|Any CPU.ActiveCfg = Release|Any CPU
		{55CA50AC-5C76-44B4-9579-FF9090E1D905}.STATIC_ONLY NO_EXPRESSIONS|Any CPU.Build.0 = Release|Any CPU
		{55CA50AC-5C76-44B4-9579-FF9090E1D905}.STATIC_ONLY NO_EXPRESSIONS|Mixed Platforms.ActiveCfg = Release|Any CPU
		{55CA50AC-5C76-44B4-9579-FF9090E1D905}.STATIC_ONLY NO_EXPRESSIONS|Mixed Platforms.Build.0 = Release|Any CPU
		{55CA50AC-5C76-44B4-9579-FF9090E1D905}.STATIC_ONLY NO_EXPRESSIONS|x86.ActiveCfg = Release|Any CPU
		{331B4A2C-5544-4D0E-B471-ABADA28B2496}.Debug|Any CPU.ActiveCfg = Debug|Any CPU
		{331B4A2C-5544-4D0E-B471-ABADA28B2496}.Debug|Any CPU.Build.0 = Debug|Any CPU
		{331B4A2C-5544-4D0E-B471-ABADA28B2496}.Debug|Mixed Platforms.ActiveCfg = Debug|Any CPU
		{331B4A2C-5544-4D0E-B471-ABADA28B2496}.Debug|Mixed Platforms.Build.0 = Debug|Any CPU
		{331B4A2C-5544-4D0E-B471-ABADA28B2496}.Debug|x86.ActiveCfg = Debug|Any CPU
		{331B4A2C-5544-4D0E-B471-ABADA28B2496}.Default|Any CPU.ActiveCfg = Debug|Any CPU
		{331B4A2C-5544-4D0E-B471-ABADA28B2496}.Default|Any CPU.Build.0 = Debug|Any CPU
		{331B4A2C-5544-4D0E-B471-ABADA28B2496}.Default|Mixed Platforms.ActiveCfg = Debug|Any CPU
		{331B4A2C-5544-4D0E-B471-ABADA28B2496}.Default|Mixed Platforms.Build.0 = Debug|Any CPU
		{331B4A2C-5544-4D0E-B471-ABADA28B2496}.Default|x86.ActiveCfg = Debug|Any CPU
		{331B4A2C-5544-4D0E-B471-ABADA28B2496}.MonoTouch|Any CPU.ActiveCfg = Release|Any CPU
		{331B4A2C-5544-4D0E-B471-ABADA28B2496}.MonoTouch|Any CPU.Build.0 = Release|Any CPU
		{331B4A2C-5544-4D0E-B471-ABADA28B2496}.MonoTouch|Mixed Platforms.ActiveCfg = Release|Any CPU
		{331B4A2C-5544-4D0E-B471-ABADA28B2496}.MonoTouch|Mixed Platforms.Build.0 = Release|Any CPU
		{331B4A2C-5544-4D0E-B471-ABADA28B2496}.MonoTouch|x86.ActiveCfg = Release|Any CPU
		{331B4A2C-5544-4D0E-B471-ABADA28B2496}.Release|Any CPU.ActiveCfg = Release|Any CPU
		{331B4A2C-5544-4D0E-B471-ABADA28B2496}.Release|Any CPU.Build.0 = Release|Any CPU
		{331B4A2C-5544-4D0E-B471-ABADA28B2496}.Release|Mixed Platforms.ActiveCfg = Release|Any CPU
		{331B4A2C-5544-4D0E-B471-ABADA28B2496}.Release|Mixed Platforms.Build.0 = Release|Any CPU
		{331B4A2C-5544-4D0E-B471-ABADA28B2496}.Release|x86.ActiveCfg = Release|Any CPU
		{331B4A2C-5544-4D0E-B471-ABADA28B2496}.Signed|Any CPU.ActiveCfg = Release|Any CPU
		{331B4A2C-5544-4D0E-B471-ABADA28B2496}.Signed|Any CPU.Build.0 = Release|Any CPU
		{331B4A2C-5544-4D0E-B471-ABADA28B2496}.Signed|Mixed Platforms.ActiveCfg = Release|Any CPU
		{331B4A2C-5544-4D0E-B471-ABADA28B2496}.Signed|Mixed Platforms.Build.0 = Release|Any CPU
		{331B4A2C-5544-4D0E-B471-ABADA28B2496}.Signed|x86.ActiveCfg = Release|Any CPU
		{331B4A2C-5544-4D0E-B471-ABADA28B2496}.STATIC_ONLY NO_EXPRESSIONS|Any CPU.ActiveCfg = Release|Any CPU
		{331B4A2C-5544-4D0E-B471-ABADA28B2496}.STATIC_ONLY NO_EXPRESSIONS|Any CPU.Build.0 = Release|Any CPU
		{331B4A2C-5544-4D0E-B471-ABADA28B2496}.STATIC_ONLY NO_EXPRESSIONS|Mixed Platforms.ActiveCfg = Release|Any CPU
		{331B4A2C-5544-4D0E-B471-ABADA28B2496}.STATIC_ONLY NO_EXPRESSIONS|Mixed Platforms.Build.0 = Release|Any CPU
		{331B4A2C-5544-4D0E-B471-ABADA28B2496}.STATIC_ONLY NO_EXPRESSIONS|x86.ActiveCfg = Release|Any CPU
		{88554C06-0A93-4EE2-BF13-670433414698}.Debug|Any CPU.ActiveCfg = Debug|Any CPU
		{88554C06-0A93-4EE2-BF13-670433414698}.Debug|Any CPU.Build.0 = Debug|Any CPU
		{88554C06-0A93-4EE2-BF13-670433414698}.Debug|Mixed Platforms.ActiveCfg = Debug|Any CPU
		{88554C06-0A93-4EE2-BF13-670433414698}.Debug|Mixed Platforms.Build.0 = Debug|Any CPU
		{88554C06-0A93-4EE2-BF13-670433414698}.Debug|x86.ActiveCfg = Debug|Any CPU
		{88554C06-0A93-4EE2-BF13-670433414698}.Default|Any CPU.ActiveCfg = Debug|Any CPU
		{88554C06-0A93-4EE2-BF13-670433414698}.Default|Any CPU.Build.0 = Debug|Any CPU
		{88554C06-0A93-4EE2-BF13-670433414698}.Default|Mixed Platforms.ActiveCfg = Debug|Any CPU
		{88554C06-0A93-4EE2-BF13-670433414698}.Default|Mixed Platforms.Build.0 = Debug|Any CPU
		{88554C06-0A93-4EE2-BF13-670433414698}.Default|x86.ActiveCfg = Debug|Any CPU
		{88554C06-0A93-4EE2-BF13-670433414698}.MonoTouch|Any CPU.ActiveCfg = Release|Any CPU
		{88554C06-0A93-4EE2-BF13-670433414698}.MonoTouch|Any CPU.Build.0 = Release|Any CPU
		{88554C06-0A93-4EE2-BF13-670433414698}.MonoTouch|Mixed Platforms.ActiveCfg = Release|Any CPU
		{88554C06-0A93-4EE2-BF13-670433414698}.MonoTouch|Mixed Platforms.Build.0 = Release|Any CPU
		{88554C06-0A93-4EE2-BF13-670433414698}.MonoTouch|x86.ActiveCfg = Release|Any CPU
		{88554C06-0A93-4EE2-BF13-670433414698}.Release|Any CPU.ActiveCfg = Release|Any CPU
		{88554C06-0A93-4EE2-BF13-670433414698}.Release|Any CPU.Build.0 = Release|Any CPU
		{88554C06-0A93-4EE2-BF13-670433414698}.Release|Mixed Platforms.ActiveCfg = Release|Any CPU
		{88554C06-0A93-4EE2-BF13-670433414698}.Release|Mixed Platforms.Build.0 = Release|Any CPU
		{88554C06-0A93-4EE2-BF13-670433414698}.Release|x86.ActiveCfg = Release|Any CPU
		{88554C06-0A93-4EE2-BF13-670433414698}.Signed|Any CPU.ActiveCfg = Release|Any CPU
		{88554C06-0A93-4EE2-BF13-670433414698}.Signed|Any CPU.Build.0 = Release|Any CPU
		{88554C06-0A93-4EE2-BF13-670433414698}.Signed|Mixed Platforms.ActiveCfg = Release|Any CPU
		{88554C06-0A93-4EE2-BF13-670433414698}.Signed|Mixed Platforms.Build.0 = Release|Any CPU
		{88554C06-0A93-4EE2-BF13-670433414698}.Signed|x86.ActiveCfg = Release|Any CPU
		{88554C06-0A93-4EE2-BF13-670433414698}.STATIC_ONLY NO_EXPRESSIONS|Any CPU.ActiveCfg = Release|Any CPU
		{88554C06-0A93-4EE2-BF13-670433414698}.STATIC_ONLY NO_EXPRESSIONS|Any CPU.Build.0 = Release|Any CPU
		{88554C06-0A93-4EE2-BF13-670433414698}.STATIC_ONLY NO_EXPRESSIONS|Mixed Platforms.ActiveCfg = Release|Any CPU
		{88554C06-0A93-4EE2-BF13-670433414698}.STATIC_ONLY NO_EXPRESSIONS|Mixed Platforms.Build.0 = Release|Any CPU
		{88554C06-0A93-4EE2-BF13-670433414698}.STATIC_ONLY NO_EXPRESSIONS|x86.ActiveCfg = Release|Any CPU
		{467E249E-6656-499E-BA28-299DA422FB6B}.Debug|Any CPU.ActiveCfg = Debug|x86
		{467E249E-6656-499E-BA28-299DA422FB6B}.Debug|Mixed Platforms.ActiveCfg = Debug|x86
		{467E249E-6656-499E-BA28-299DA422FB6B}.Debug|Mixed Platforms.Build.0 = Debug|x86
		{467E249E-6656-499E-BA28-299DA422FB6B}.Debug|x86.ActiveCfg = Debug|x86
		{467E249E-6656-499E-BA28-299DA422FB6B}.Debug|x86.Build.0 = Debug|x86
		{467E249E-6656-499E-BA28-299DA422FB6B}.Default|Any CPU.ActiveCfg = Debug|x86
		{467E249E-6656-499E-BA28-299DA422FB6B}.Default|Mixed Platforms.ActiveCfg = Debug|x86
		{467E249E-6656-499E-BA28-299DA422FB6B}.Default|Mixed Platforms.Build.0 = Debug|x86
		{467E249E-6656-499E-BA28-299DA422FB6B}.Default|x86.ActiveCfg = Debug|x86
		{467E249E-6656-499E-BA28-299DA422FB6B}.Default|x86.Build.0 = Debug|x86
		{467E249E-6656-499E-BA28-299DA422FB6B}.MonoTouch|Any CPU.ActiveCfg = Release|x86
		{467E249E-6656-499E-BA28-299DA422FB6B}.MonoTouch|Mixed Platforms.ActiveCfg = Release|x86
		{467E249E-6656-499E-BA28-299DA422FB6B}.MonoTouch|Mixed Platforms.Build.0 = Release|x86
		{467E249E-6656-499E-BA28-299DA422FB6B}.MonoTouch|x86.ActiveCfg = Release|x86
		{467E249E-6656-499E-BA28-299DA422FB6B}.MonoTouch|x86.Build.0 = Release|x86
		{467E249E-6656-499E-BA28-299DA422FB6B}.Release|Any CPU.ActiveCfg = Release|x86
		{467E249E-6656-499E-BA28-299DA422FB6B}.Release|Mixed Platforms.ActiveCfg = Release|x86
		{467E249E-6656-499E-BA28-299DA422FB6B}.Release|Mixed Platforms.Build.0 = Release|x86
		{467E249E-6656-499E-BA28-299DA422FB6B}.Release|x86.ActiveCfg = Release|x86
		{467E249E-6656-499E-BA28-299DA422FB6B}.Release|x86.Build.0 = Release|x86
		{467E249E-6656-499E-BA28-299DA422FB6B}.Signed|Any CPU.ActiveCfg = Release|x86
		{467E249E-6656-499E-BA28-299DA422FB6B}.Signed|Mixed Platforms.ActiveCfg = Release|x86
		{467E249E-6656-499E-BA28-299DA422FB6B}.Signed|Mixed Platforms.Build.0 = Release|x86
		{467E249E-6656-499E-BA28-299DA422FB6B}.Signed|x86.ActiveCfg = Release|x86
		{467E249E-6656-499E-BA28-299DA422FB6B}.Signed|x86.Build.0 = Release|x86
		{467E249E-6656-499E-BA28-299DA422FB6B}.STATIC_ONLY NO_EXPRESSIONS|Any CPU.ActiveCfg = Release|x86
		{467E249E-6656-499E-BA28-299DA422FB6B}.STATIC_ONLY NO_EXPRESSIONS|Mixed Platforms.ActiveCfg = Release|x86
		{467E249E-6656-499E-BA28-299DA422FB6B}.STATIC_ONLY NO_EXPRESSIONS|Mixed Platforms.Build.0 = Release|x86
		{467E249E-6656-499E-BA28-299DA422FB6B}.STATIC_ONLY NO_EXPRESSIONS|x86.ActiveCfg = Release|x86
		{467E249E-6656-499E-BA28-299DA422FB6B}.STATIC_ONLY NO_EXPRESSIONS|x86.Build.0 = Release|x86
		{BA9B8BA4-B971-429B-8F42-7D5633EBE625}.Debug|Any CPU.ActiveCfg = Debug|Any CPU
		{BA9B8BA4-B971-429B-8F42-7D5633EBE625}.Debug|Any CPU.Build.0 = Debug|Any CPU
		{BA9B8BA4-B971-429B-8F42-7D5633EBE625}.Debug|Mixed Platforms.ActiveCfg = Debug|Any CPU
		{BA9B8BA4-B971-429B-8F42-7D5633EBE625}.Debug|Mixed Platforms.Build.0 = Debug|Any CPU
		{BA9B8BA4-B971-429B-8F42-7D5633EBE625}.Debug|x86.ActiveCfg = Debug|Any CPU
		{BA9B8BA4-B971-429B-8F42-7D5633EBE625}.Default|Any CPU.ActiveCfg = Debug|Any CPU
		{BA9B8BA4-B971-429B-8F42-7D5633EBE625}.Default|Any CPU.Build.0 = Debug|Any CPU
		{BA9B8BA4-B971-429B-8F42-7D5633EBE625}.Default|Mixed Platforms.ActiveCfg = Debug|Any CPU
		{BA9B8BA4-B971-429B-8F42-7D5633EBE625}.Default|Mixed Platforms.Build.0 = Debug|Any CPU
		{BA9B8BA4-B971-429B-8F42-7D5633EBE625}.Default|x86.ActiveCfg = Debug|Any CPU
		{BA9B8BA4-B971-429B-8F42-7D5633EBE625}.MonoTouch|Any CPU.ActiveCfg = Release|Any CPU
		{BA9B8BA4-B971-429B-8F42-7D5633EBE625}.MonoTouch|Any CPU.Build.0 = Release|Any CPU
		{BA9B8BA4-B971-429B-8F42-7D5633EBE625}.MonoTouch|Mixed Platforms.ActiveCfg = Release|Any CPU
		{BA9B8BA4-B971-429B-8F42-7D5633EBE625}.MonoTouch|Mixed Platforms.Build.0 = Release|Any CPU
		{BA9B8BA4-B971-429B-8F42-7D5633EBE625}.MonoTouch|x86.ActiveCfg = Release|Any CPU
		{BA9B8BA4-B971-429B-8F42-7D5633EBE625}.Release|Any CPU.ActiveCfg = Release|Any CPU
		{BA9B8BA4-B971-429B-8F42-7D5633EBE625}.Release|Any CPU.Build.0 = Release|Any CPU
		{BA9B8BA4-B971-429B-8F42-7D5633EBE625}.Release|Mixed Platforms.ActiveCfg = Release|Any CPU
		{BA9B8BA4-B971-429B-8F42-7D5633EBE625}.Release|Mixed Platforms.Build.0 = Release|Any CPU
		{BA9B8BA4-B971-429B-8F42-7D5633EBE625}.Release|x86.ActiveCfg = Release|Any CPU
		{BA9B8BA4-B971-429B-8F42-7D5633EBE625}.Signed|Any CPU.ActiveCfg = Release|Any CPU
		{BA9B8BA4-B971-429B-8F42-7D5633EBE625}.Signed|Any CPU.Build.0 = Release|Any CPU
		{BA9B8BA4-B971-429B-8F42-7D5633EBE625}.Signed|Mixed Platforms.ActiveCfg = Release|Any CPU
		{BA9B8BA4-B971-429B-8F42-7D5633EBE625}.Signed|Mixed Platforms.Build.0 = Release|Any CPU
		{BA9B8BA4-B971-429B-8F42-7D5633EBE625}.Signed|x86.ActiveCfg = Release|Any CPU
		{BA9B8BA4-B971-429B-8F42-7D5633EBE625}.STATIC_ONLY NO_EXPRESSIONS|Any CPU.ActiveCfg = Release|Any CPU
		{BA9B8BA4-B971-429B-8F42-7D5633EBE625}.STATIC_ONLY NO_EXPRESSIONS|Any CPU.Build.0 = Release|Any CPU
		{BA9B8BA4-B971-429B-8F42-7D5633EBE625}.STATIC_ONLY NO_EXPRESSIONS|Mixed Platforms.ActiveCfg = Release|Any CPU
		{BA9B8BA4-B971-429B-8F42-7D5633EBE625}.STATIC_ONLY NO_EXPRESSIONS|Mixed Platforms.Build.0 = Release|Any CPU
		{BA9B8BA4-B971-429B-8F42-7D5633EBE625}.STATIC_ONLY NO_EXPRESSIONS|x86.ActiveCfg = Release|Any CPU
		{96179AC6-F6F1-40C3-9FDD-4F6582F54C5C}.Debug|Any CPU.ActiveCfg = Debug|Any CPU
		{96179AC6-F6F1-40C3-9FDD-4F6582F54C5C}.Debug|Any CPU.Build.0 = Debug|Any CPU
		{96179AC6-F6F1-40C3-9FDD-4F6582F54C5C}.Debug|Mixed Platforms.ActiveCfg = Debug|Any CPU
		{96179AC6-F6F1-40C3-9FDD-4F6582F54C5C}.Debug|Mixed Platforms.Build.0 = Debug|Any CPU
		{96179AC6-F6F1-40C3-9FDD-4F6582F54C5C}.Debug|x86.ActiveCfg = Debug|Any CPU
		{96179AC6-F6F1-40C3-9FDD-4F6582F54C5C}.Default|Any CPU.ActiveCfg = Debug|Any CPU
		{96179AC6-F6F1-40C3-9FDD-4F6582F54C5C}.Default|Mixed Platforms.ActiveCfg = Debug|Any CPU
		{96179AC6-F6F1-40C3-9FDD-4F6582F54C5C}.Default|x86.ActiveCfg = Debug|Any CPU
		{96179AC6-F6F1-40C3-9FDD-4F6582F54C5C}.MonoTouch|Any CPU.ActiveCfg = MonoTouch|Any CPU
		{96179AC6-F6F1-40C3-9FDD-4F6582F54C5C}.MonoTouch|Any CPU.Build.0 = MonoTouch|Any CPU
		{96179AC6-F6F1-40C3-9FDD-4F6582F54C5C}.MonoTouch|Mixed Platforms.ActiveCfg = MonoTouch|Any CPU
		{96179AC6-F6F1-40C3-9FDD-4F6582F54C5C}.MonoTouch|Mixed Platforms.Build.0 = MonoTouch|Any CPU
		{96179AC6-F6F1-40C3-9FDD-4F6582F54C5C}.MonoTouch|x86.ActiveCfg = MonoTouch|Any CPU
		{96179AC6-F6F1-40C3-9FDD-4F6582F54C5C}.Release|Any CPU.ActiveCfg = Release|Any CPU
		{96179AC6-F6F1-40C3-9FDD-4F6582F54C5C}.Release|Any CPU.Build.0 = Release|Any CPU
		{96179AC6-F6F1-40C3-9FDD-4F6582F54C5C}.Release|Mixed Platforms.ActiveCfg = Release|Any CPU
		{96179AC6-F6F1-40C3-9FDD-4F6582F54C5C}.Release|Mixed Platforms.Build.0 = Release|Any CPU
		{96179AC6-F6F1-40C3-9FDD-4F6582F54C5C}.Release|x86.ActiveCfg = Release|Any CPU
		{96179AC6-F6F1-40C3-9FDD-4F6582F54C5C}.Signed|Any CPU.ActiveCfg = Signed|Any CPU
		{96179AC6-F6F1-40C3-9FDD-4F6582F54C5C}.Signed|Any CPU.Build.0 = Signed|Any CPU
		{96179AC6-F6F1-40C3-9FDD-4F6582F54C5C}.Signed|Mixed Platforms.ActiveCfg = Signed|Any CPU
		{96179AC6-F6F1-40C3-9FDD-4F6582F54C5C}.Signed|Mixed Platforms.Build.0 = Signed|Any CPU
		{96179AC6-F6F1-40C3-9FDD-4F6582F54C5C}.Signed|x86.ActiveCfg = Signed|Any CPU
		{96179AC6-F6F1-40C3-9FDD-4F6582F54C5C}.STATIC_ONLY NO_EXPRESSIONS|Any CPU.ActiveCfg = STATIC_ONLY NO_EXPRESSIONS|Any CPU
		{96179AC6-F6F1-40C3-9FDD-4F6582F54C5C}.STATIC_ONLY NO_EXPRESSIONS|Any CPU.Build.0 = STATIC_ONLY NO_EXPRESSIONS|Any CPU
		{96179AC6-F6F1-40C3-9FDD-4F6582F54C5C}.STATIC_ONLY NO_EXPRESSIONS|Mixed Platforms.ActiveCfg = STATIC_ONLY NO_EXPRESSIONS|Any CPU
		{96179AC6-F6F1-40C3-9FDD-4F6582F54C5C}.STATIC_ONLY NO_EXPRESSIONS|Mixed Platforms.Build.0 = STATIC_ONLY NO_EXPRESSIONS|Any CPU
		{96179AC6-F6F1-40C3-9FDD-4F6582F54C5C}.STATIC_ONLY NO_EXPRESSIONS|x86.ActiveCfg = STATIC_ONLY NO_EXPRESSIONS|Any CPU
		{6F851563-08F6-4692-89F8-F1D6C86F0069}.Debug|Any CPU.ActiveCfg = Debug|Any CPU
		{6F851563-08F6-4692-89F8-F1D6C86F0069}.Debug|Any CPU.Build.0 = Debug|Any CPU
		{6F851563-08F6-4692-89F8-F1D6C86F0069}.Debug|Mixed Platforms.ActiveCfg = Debug|Any CPU
		{6F851563-08F6-4692-89F8-F1D6C86F0069}.Debug|Mixed Platforms.Build.0 = Debug|Any CPU
		{6F851563-08F6-4692-89F8-F1D6C86F0069}.Debug|x86.ActiveCfg = Debug|Any CPU
		{6F851563-08F6-4692-89F8-F1D6C86F0069}.Default|Any CPU.ActiveCfg = Debug|Any CPU
		{6F851563-08F6-4692-89F8-F1D6C86F0069}.Default|Any CPU.Build.0 = Debug|Any CPU
		{6F851563-08F6-4692-89F8-F1D6C86F0069}.Default|Mixed Platforms.ActiveCfg = Debug|Any CPU
		{6F851563-08F6-4692-89F8-F1D6C86F0069}.Default|Mixed Platforms.Build.0 = Debug|Any CPU
		{6F851563-08F6-4692-89F8-F1D6C86F0069}.Default|x86.ActiveCfg = Debug|Any CPU
		{6F851563-08F6-4692-89F8-F1D6C86F0069}.MonoTouch|Any CPU.ActiveCfg = Signed|Any CPU
		{6F851563-08F6-4692-89F8-F1D6C86F0069}.MonoTouch|Any CPU.Build.0 = Signed|Any CPU
		{6F851563-08F6-4692-89F8-F1D6C86F0069}.MonoTouch|Mixed Platforms.ActiveCfg = Signed|Any CPU
		{6F851563-08F6-4692-89F8-F1D6C86F0069}.MonoTouch|Mixed Platforms.Build.0 = Signed|Any CPU
		{6F851563-08F6-4692-89F8-F1D6C86F0069}.MonoTouch|x86.ActiveCfg = Signed|Any CPU
		{6F851563-08F6-4692-89F8-F1D6C86F0069}.Release|Any CPU.ActiveCfg = Release|Any CPU
		{6F851563-08F6-4692-89F8-F1D6C86F0069}.Release|Any CPU.Build.0 = Release|Any CPU
		{6F851563-08F6-4692-89F8-F1D6C86F0069}.Release|Mixed Platforms.ActiveCfg = Release|Any CPU
		{6F851563-08F6-4692-89F8-F1D6C86F0069}.Release|Mixed Platforms.Build.0 = Release|Any CPU
		{6F851563-08F6-4692-89F8-F1D6C86F0069}.Release|x86.ActiveCfg = Release|Any CPU
		{6F851563-08F6-4692-89F8-F1D6C86F0069}.Signed|Any CPU.ActiveCfg = Release|Any CPU
		{6F851563-08F6-4692-89F8-F1D6C86F0069}.Signed|Any CPU.Build.0 = Release|Any CPU
		{6F851563-08F6-4692-89F8-F1D6C86F0069}.Signed|Mixed Platforms.ActiveCfg = Signed|Any CPU
		{6F851563-08F6-4692-89F8-F1D6C86F0069}.Signed|Mixed Platforms.Build.0 = Signed|Any CPU
		{6F851563-08F6-4692-89F8-F1D6C86F0069}.Signed|x86.ActiveCfg = Release|Any CPU
		{6F851563-08F6-4692-89F8-F1D6C86F0069}.STATIC_ONLY NO_EXPRESSIONS|Any CPU.ActiveCfg = Signed|Any CPU
		{6F851563-08F6-4692-89F8-F1D6C86F0069}.STATIC_ONLY NO_EXPRESSIONS|Any CPU.Build.0 = Signed|Any CPU
		{6F851563-08F6-4692-89F8-F1D6C86F0069}.STATIC_ONLY NO_EXPRESSIONS|Mixed Platforms.ActiveCfg = Signed|Any CPU
		{6F851563-08F6-4692-89F8-F1D6C86F0069}.STATIC_ONLY NO_EXPRESSIONS|Mixed Platforms.Build.0 = Signed|Any CPU
		{6F851563-08F6-4692-89F8-F1D6C86F0069}.STATIC_ONLY NO_EXPRESSIONS|x86.ActiveCfg = Signed|Any CPU
		{D1858737-FC4F-4432-8725-E5B79A13D5F6}.Debug|Any CPU.ActiveCfg = Debug|Any CPU
		{D1858737-FC4F-4432-8725-E5B79A13D5F6}.Debug|Any CPU.Build.0 = Debug|Any CPU
		{D1858737-FC4F-4432-8725-E5B79A13D5F6}.Debug|Mixed Platforms.ActiveCfg = Debug|Any CPU
		{D1858737-FC4F-4432-8725-E5B79A13D5F6}.Debug|Mixed Platforms.Build.0 = Debug|Any CPU
		{D1858737-FC4F-4432-8725-E5B79A13D5F6}.Debug|x86.ActiveCfg = Debug|Any CPU
		{D1858737-FC4F-4432-8725-E5B79A13D5F6}.Default|Any CPU.ActiveCfg = Debug|Any CPU
		{D1858737-FC4F-4432-8725-E5B79A13D5F6}.Default|Any CPU.Build.0 = Debug|Any CPU
		{D1858737-FC4F-4432-8725-E5B79A13D5F6}.Default|Mixed Platforms.ActiveCfg = Debug|Any CPU
		{D1858737-FC4F-4432-8725-E5B79A13D5F6}.Default|Mixed Platforms.Build.0 = Debug|Any CPU
		{D1858737-FC4F-4432-8725-E5B79A13D5F6}.Default|x86.ActiveCfg = Debug|Any CPU
		{D1858737-FC4F-4432-8725-E5B79A13D5F6}.MonoTouch|Any CPU.ActiveCfg = Signed|Any CPU
		{D1858737-FC4F-4432-8725-E5B79A13D5F6}.MonoTouch|Any CPU.Build.0 = Signed|Any CPU
		{D1858737-FC4F-4432-8725-E5B79A13D5F6}.MonoTouch|Mixed Platforms.ActiveCfg = Signed|Any CPU
		{D1858737-FC4F-4432-8725-E5B79A13D5F6}.MonoTouch|Mixed Platforms.Build.0 = Signed|Any CPU
		{D1858737-FC4F-4432-8725-E5B79A13D5F6}.MonoTouch|x86.ActiveCfg = Signed|Any CPU
		{D1858737-FC4F-4432-8725-E5B79A13D5F6}.Release|Any CPU.ActiveCfg = Release|Any CPU
		{D1858737-FC4F-4432-8725-E5B79A13D5F6}.Release|Any CPU.Build.0 = Release|Any CPU
		{D1858737-FC4F-4432-8725-E5B79A13D5F6}.Release|Mixed Platforms.ActiveCfg = Release|Any CPU
		{D1858737-FC4F-4432-8725-E5B79A13D5F6}.Release|Mixed Platforms.Build.0 = Release|Any CPU
		{D1858737-FC4F-4432-8725-E5B79A13D5F6}.Release|x86.ActiveCfg = Release|Any CPU
		{D1858737-FC4F-4432-8725-E5B79A13D5F6}.Signed|Any CPU.ActiveCfg = Signed|Any CPU
		{D1858737-FC4F-4432-8725-E5B79A13D5F6}.Signed|Any CPU.Build.0 = Signed|Any CPU
		{D1858737-FC4F-4432-8725-E5B79A13D5F6}.Signed|Mixed Platforms.ActiveCfg = Signed|Any CPU
		{D1858737-FC4F-4432-8725-E5B79A13D5F6}.Signed|Mixed Platforms.Build.0 = Signed|Any CPU
		{D1858737-FC4F-4432-8725-E5B79A13D5F6}.Signed|x86.ActiveCfg = Signed|Any CPU
		{D1858737-FC4F-4432-8725-E5B79A13D5F6}.STATIC_ONLY NO_EXPRESSIONS|Any CPU.ActiveCfg = Signed|Any CPU
		{D1858737-FC4F-4432-8725-E5B79A13D5F6}.STATIC_ONLY NO_EXPRESSIONS|Any CPU.Build.0 = Signed|Any CPU
		{D1858737-FC4F-4432-8725-E5B79A13D5F6}.STATIC_ONLY NO_EXPRESSIONS|Mixed Platforms.ActiveCfg = Signed|Any CPU
		{D1858737-FC4F-4432-8725-E5B79A13D5F6}.STATIC_ONLY NO_EXPRESSIONS|Mixed Platforms.Build.0 = Signed|Any CPU
		{D1858737-FC4F-4432-8725-E5B79A13D5F6}.STATIC_ONLY NO_EXPRESSIONS|x86.ActiveCfg = Signed|Any CPU
		{A88DC383-2528-477E-8342-6180F0A3E280}.Debug|Any CPU.ActiveCfg = Debug|Any CPU
		{A88DC383-2528-477E-8342-6180F0A3E280}.Debug|Any CPU.Build.0 = Debug|Any CPU
		{A88DC383-2528-477E-8342-6180F0A3E280}.Debug|Mixed Platforms.ActiveCfg = Debug|Any CPU
		{A88DC383-2528-477E-8342-6180F0A3E280}.Debug|Mixed Platforms.Build.0 = Debug|Any CPU
		{A88DC383-2528-477E-8342-6180F0A3E280}.Debug|x86.ActiveCfg = Debug|Any CPU
		{A88DC383-2528-477E-8342-6180F0A3E280}.Default|Any CPU.ActiveCfg = Debug|Any CPU
		{A88DC383-2528-477E-8342-6180F0A3E280}.Default|Any CPU.Build.0 = Debug|Any CPU
		{A88DC383-2528-477E-8342-6180F0A3E280}.Default|Mixed Platforms.ActiveCfg = Debug|Any CPU
		{A88DC383-2528-477E-8342-6180F0A3E280}.Default|Mixed Platforms.Build.0 = Debug|Any CPU
		{A88DC383-2528-477E-8342-6180F0A3E280}.Default|x86.ActiveCfg = Debug|Any CPU
		{A88DC383-2528-477E-8342-6180F0A3E280}.MonoTouch|Any CPU.ActiveCfg = Release|Any CPU
		{A88DC383-2528-477E-8342-6180F0A3E280}.MonoTouch|Any CPU.Build.0 = Release|Any CPU
		{A88DC383-2528-477E-8342-6180F0A3E280}.MonoTouch|Mixed Platforms.ActiveCfg = Release|Any CPU
		{A88DC383-2528-477E-8342-6180F0A3E280}.MonoTouch|Mixed Platforms.Build.0 = Release|Any CPU
		{A88DC383-2528-477E-8342-6180F0A3E280}.MonoTouch|x86.ActiveCfg = Release|Any CPU
		{A88DC383-2528-477E-8342-6180F0A3E280}.Release|Any CPU.ActiveCfg = Release|Any CPU
		{A88DC383-2528-477E-8342-6180F0A3E280}.Release|Any CPU.Build.0 = Release|Any CPU
		{A88DC383-2528-477E-8342-6180F0A3E280}.Release|Mixed Platforms.ActiveCfg = Release|Any CPU
		{A88DC383-2528-477E-8342-6180F0A3E280}.Release|Mixed Platforms.Build.0 = Release|Any CPU
		{A88DC383-2528-477E-8342-6180F0A3E280}.Release|x86.ActiveCfg = Release|Any CPU
		{A88DC383-2528-477E-8342-6180F0A3E280}.Signed|Any CPU.ActiveCfg = Release|Any CPU
		{A88DC383-2528-477E-8342-6180F0A3E280}.Signed|Any CPU.Build.0 = Release|Any CPU
		{A88DC383-2528-477E-8342-6180F0A3E280}.Signed|Mixed Platforms.ActiveCfg = Release|Any CPU
		{A88DC383-2528-477E-8342-6180F0A3E280}.Signed|Mixed Platforms.Build.0 = Release|Any CPU
		{A88DC383-2528-477E-8342-6180F0A3E280}.Signed|x86.ActiveCfg = Release|Any CPU
		{A88DC383-2528-477E-8342-6180F0A3E280}.STATIC_ONLY NO_EXPRESSIONS|Any CPU.ActiveCfg = Release|Any CPU
		{A88DC383-2528-477E-8342-6180F0A3E280}.STATIC_ONLY NO_EXPRESSIONS|Any CPU.Build.0 = Release|Any CPU
		{A88DC383-2528-477E-8342-6180F0A3E280}.STATIC_ONLY NO_EXPRESSIONS|Mixed Platforms.ActiveCfg = Release|Any CPU
		{A88DC383-2528-477E-8342-6180F0A3E280}.STATIC_ONLY NO_EXPRESSIONS|Mixed Platforms.Build.0 = Release|Any CPU
		{A88DC383-2528-477E-8342-6180F0A3E280}.STATIC_ONLY NO_EXPRESSIONS|x86.ActiveCfg = Release|Any CPU
		{6FA34017-09CB-4C8F-8EF0-D137970C614E}.Debug|Any CPU.ActiveCfg = Debug|Any CPU
		{6FA34017-09CB-4C8F-8EF0-D137970C614E}.Debug|Any CPU.Build.0 = Debug|Any CPU
		{6FA34017-09CB-4C8F-8EF0-D137970C614E}.Debug|Mixed Platforms.ActiveCfg = Debug|Any CPU
		{6FA34017-09CB-4C8F-8EF0-D137970C614E}.Debug|Mixed Platforms.Build.0 = Debug|Any CPU
		{6FA34017-09CB-4C8F-8EF0-D137970C614E}.Debug|x86.ActiveCfg = Debug|Any CPU
		{6FA34017-09CB-4C8F-8EF0-D137970C614E}.Default|Any CPU.ActiveCfg = Debug|Any CPU
		{6FA34017-09CB-4C8F-8EF0-D137970C614E}.Default|Any CPU.Build.0 = Debug|Any CPU
		{6FA34017-09CB-4C8F-8EF0-D137970C614E}.Default|Mixed Platforms.ActiveCfg = Debug|Any CPU
		{6FA34017-09CB-4C8F-8EF0-D137970C614E}.Default|Mixed Platforms.Build.0 = Debug|Any CPU
		{6FA34017-09CB-4C8F-8EF0-D137970C614E}.Default|x86.ActiveCfg = Debug|Any CPU
		{6FA34017-09CB-4C8F-8EF0-D137970C614E}.MonoTouch|Any CPU.ActiveCfg = Release|Any CPU
		{6FA34017-09CB-4C8F-8EF0-D137970C614E}.MonoTouch|Any CPU.Build.0 = Release|Any CPU
		{6FA34017-09CB-4C8F-8EF0-D137970C614E}.MonoTouch|Mixed Platforms.ActiveCfg = Release|Any CPU
		{6FA34017-09CB-4C8F-8EF0-D137970C614E}.MonoTouch|Mixed Platforms.Build.0 = Release|Any CPU
		{6FA34017-09CB-4C8F-8EF0-D137970C614E}.MonoTouch|x86.ActiveCfg = Release|Any CPU
		{6FA34017-09CB-4C8F-8EF0-D137970C614E}.Release|Any CPU.ActiveCfg = Release|Any CPU
		{6FA34017-09CB-4C8F-8EF0-D137970C614E}.Release|Any CPU.Build.0 = Release|Any CPU
		{6FA34017-09CB-4C8F-8EF0-D137970C614E}.Release|Mixed Platforms.ActiveCfg = Release|Any CPU
		{6FA34017-09CB-4C8F-8EF0-D137970C614E}.Release|Mixed Platforms.Build.0 = Release|Any CPU
		{6FA34017-09CB-4C8F-8EF0-D137970C614E}.Release|x86.ActiveCfg = Release|Any CPU
		{6FA34017-09CB-4C8F-8EF0-D137970C614E}.Signed|Any CPU.ActiveCfg = Release|Any CPU
		{6FA34017-09CB-4C8F-8EF0-D137970C614E}.Signed|Any CPU.Build.0 = Release|Any CPU
		{6FA34017-09CB-4C8F-8EF0-D137970C614E}.Signed|Mixed Platforms.ActiveCfg = Release|Any CPU
		{6FA34017-09CB-4C8F-8EF0-D137970C614E}.Signed|Mixed Platforms.Build.0 = Release|Any CPU
		{6FA34017-09CB-4C8F-8EF0-D137970C614E}.Signed|x86.ActiveCfg = Release|Any CPU
		{6FA34017-09CB-4C8F-8EF0-D137970C614E}.STATIC_ONLY NO_EXPRESSIONS|Any CPU.ActiveCfg = Release|Any CPU
		{6FA34017-09CB-4C8F-8EF0-D137970C614E}.STATIC_ONLY NO_EXPRESSIONS|Any CPU.Build.0 = Release|Any CPU
		{6FA34017-09CB-4C8F-8EF0-D137970C614E}.STATIC_ONLY NO_EXPRESSIONS|Mixed Platforms.ActiveCfg = Release|Any CPU
		{6FA34017-09CB-4C8F-8EF0-D137970C614E}.STATIC_ONLY NO_EXPRESSIONS|Mixed Platforms.Build.0 = Release|Any CPU
		{6FA34017-09CB-4C8F-8EF0-D137970C614E}.STATIC_ONLY NO_EXPRESSIONS|x86.ActiveCfg = Release|Any CPU
	EndGlobalSection
	GlobalSection(SolutionProperties) = preSolution
		HideSolutionNode = FALSE
	EndGlobalSection
	GlobalSection(NestedProjects) = preSolution
		{0CB524D0-68CB-47B8-8B9F-9915CBE19F31} = {A3F6AFC3-E13E-4438-B8DD-A5E0314A4D77}
		{3B98F11D-5383-4856-B82A-9EB6AE800603} = {A3F6AFC3-E13E-4438-B8DD-A5E0314A4D77}
		{0C072ED7-DAB6-4657-B92B-65EB54810774} = {A3F6AFC3-E13E-4438-B8DD-A5E0314A4D77}
		{69820BD8-912B-461F-BDC2-AFA43E318953} = {A3F6AFC3-E13E-4438-B8DD-A5E0314A4D77}
		{770EAFE0-B840-4A4A-B32D-FE19DDD8603A} = {A3F6AFC3-E13E-4438-B8DD-A5E0314A4D77}
		{DDCADBEE-4C66-43BD-A1C8-76265134B9F2} = {A3F6AFC3-E13E-4438-B8DD-A5E0314A4D77}
		{BA9B8BA4-B971-429B-8F42-7D5633EBE625} = {A3F6AFC3-E13E-4438-B8DD-A5E0314A4D77}
		{96179AC6-F6F1-40C3-9FDD-4F6582F54C5C} = {A3F6AFC3-E13E-4438-B8DD-A5E0314A4D77}
		{6F851563-08F6-4692-89F8-F1D6C86F0069} = {A3F6AFC3-E13E-4438-B8DD-A5E0314A4D77}
		{D1858737-FC4F-4432-8725-E5B79A13D5F6} = {A3F6AFC3-E13E-4438-B8DD-A5E0314A4D77}
		{A88DC383-2528-477E-8342-6180F0A3E280} = {A3F6AFC3-E13E-4438-B8DD-A5E0314A4D77}
		{6FA34017-09CB-4C8F-8EF0-D137970C614E} = {A3F6AFC3-E13E-4438-B8DD-A5E0314A4D77}
		{2CC86C4C-7F7F-418D-9828-EC99960E4C5C} = {E9E1590F-7487-42B3-8315-2610C58E428C}
		{EDFF63AB-3B20-41E6-869D-26AA995DE025} = {E9E1590F-7487-42B3-8315-2610C58E428C}
		{A2327927-2E7F-4DF7-83D8-BB617A3BB72D} = {E9E1590F-7487-42B3-8315-2610C58E428C}
		{55CA50AC-5C76-44B4-9579-FF9090E1D905} = {E9E1590F-7487-42B3-8315-2610C58E428C}
		{331B4A2C-5544-4D0E-B471-ABADA28B2496} = {E9E1590F-7487-42B3-8315-2610C58E428C}
		{88554C06-0A93-4EE2-BF13-670433414698} = {E9E1590F-7487-42B3-8315-2610C58E428C}
		{467E249E-6656-499E-BA28-299DA422FB6B} = {E9E1590F-7487-42B3-8315-2610C58E428C}
	EndGlobalSection
	GlobalSection(MonoDevelopProperties) = preSolution
		StartupItem = ServiceStack.OrmLite.Sqlite\ServiceStack.OrmLite.Sqlite.csproj
	EndGlobalSection
	GlobalSection(MonoDevelopProperties) = preSolution
		StartupItem = ServiceStack.OrmLite.Sqlite\ServiceStack.OrmLite.Sqlite.csproj
	EndGlobalSection
EndGlobal
