
Microsoft Visual Studio Solution File, Format Version 12.00
# Visual Studio 2013
VisualStudioVersion = 12.0.21005.1
MinimumVisualStudioVersion = 10.0.40219.1
Project("{FAE04EC0-301F-11D3-BF4B-00C04F79EFBC}") = "Eagle.Core", "Eagle.Core\Eagle.Core.csproj", "{DDCADBEE-4C66-43BD-A1C8-76265134B9F2}"
EndProject
Project("{FAE04EC0-301F-11D3-BF4B-00C04F79EFBC}") = "Eagle.Common", "Eagle.Common\Eagle.Common.csproj", "{0CB524D0-68CB-47B8-8B9F-9915CBE19F31}"
EndProject
Project("{FAE04EC0-301F-11D3-BF4B-00C04F79EFBC}") = "Eagle.Domain", "Eagle.Domain\Eagle.Domain.csproj", "{3B98F11D-5383-4856-B82A-9EB6AE800603}"
EndProject
Project("{FAE04EC0-301F-11D3-BF4B-00C04F79EFBC}") = "Eagle.Data", "Eagle.Data\Eagle.Data.csproj", "{0C072ED7-DAB6-4657-B92B-65EB54810774}"
EndProject
Project("{FAE04EC0-301F-11D3-BF4B-00C04F79EFBC}") = "Eagle.Repositories.Sql", "Eagle.Repositories.SqlServer\Eagle.Repositories.Sql.csproj", "{69820BD8-912B-461F-BDC2-AFA43E318953}"
EndProject
Project("{FAE04EC0-301F-11D3-BF4B-00C04F79EFBC}") = "Eagle.Repositories.Dapper", "Eagle.Repositories.Dapper\Eagle.Repositories.Dapper.csproj", "{770EAFE0-B840-4A4A-B32D-FE19DDD8603A}"
EndProject
Project("{2150E333-8FDC-42A3-9474-1A3956D46DE8}") = "src", "src", "{A3F6AFC3-E13E-4438-B8DD-A5E0314A4D77}"
EndProject
Project("{2150E333-8FDC-42A3-9474-1A3956D46DE8}") = "tests", "tests", "{E9E1590F-7487-42B3-8315-2610C58E428C}"
EndProject
Project("{FAE04EC0-301F-11D3-BF4B-00C04F79EFBC}") = "Eagle.Tests", "..\tests\Eagle.Tests\Eagle.Tests.csproj", "{2CC86C4C-7F7F-418D-9828-EC99960E4C5C}"
EndProject
Project("{FAE04EC0-301F-11D3-BF4B-00C04F79EFBC}") = "Eagle.Tests.Domain", "..\tests\Eagle.Tests.Domain\Eagle.Tests.Domain.csproj", "{EDFF63AB-3B20-41E6-869D-26AA995DE025}"
EndProject
Project("{FAE04EC0-301F-11D3-BF4B-00C04F79EFBC}") = "Eagle.Tests.ServiceContracts", "..\tests\Eagle.Tests.ServiceContracts\Eagle.Tests.ServiceContracts.csproj", "{A2327927-2E7F-4DF7-83D8-BB617A3BB72D}"
EndProject
Project("{FAE04EC0-301F-11D3-BF4B-00C04F79EFBC}") = "Eagle.Tests.DataObjects", "..\tests\Eagle.Tests.DataObjects\Eagle.Tests.DataObjects.csproj", "{55CA50AC-5C76-44B4-9579-FF9090E1D905}"
EndProject
Project("{FAE04EC0-301F-11D3-BF4B-00C04F79EFBC}") = "Eagle.Tests.Application", "..\tests\Eagle.Tests.Application\Eagle.Tests.Application.csproj", "{331B4A2C-5544-4D0E-B471-ABADA28B2496}"
EndProject
Project("{FAE04EC0-301F-11D3-BF4B-00C04F79EFBC}") = "Eagle.Tests.Repositories", "..\tests\Eagle.Tests.Repositories\Eagle.Tests.Repositories.csproj", "{88554C06-0A93-4EE2-BF13-670433414698}"
EndProject
Project("{FAE04EC0-301F-11D3-BF4B-00C04F79EFBC}") = "Eagle.Tests.Commands", "..\tests\Eagle.Tests.Commands\Eagle.Tests.Commands.csproj", "{467E249E-6656-499E-BA28-299DA422FB6B}"
EndProject
Project("{FAE04EC0-301F-11D3-BF4B-00C04F79EFBC}") = "NPoco", "NPoco\NPoco.csproj", "{BCCBF883-0C0D-40FF-95B6-A2777DFF63DC}"
EndProject
Project("{FAE04EC0-301F-11D3-BF4B-00C04F79EFBC}") = "Eagle.Repositories.Lite", "Eagle.Repositories.Lite\Eagle.Repositories.Lite.csproj", "{BA9B8BA4-B971-429B-8F42-7D5633EBE625}"
EndProject
Global
	GlobalSection(SolutionConfigurationPlatforms) = preSolution
		Debug|Any CPU = Debug|Any CPU
		Debug|Mixed Platforms = Debug|Mixed Platforms
		Debug|x86 = Debug|x86
		Release|Any CPU = Release|Any CPU
		Release|Mixed Platforms = Release|Mixed Platforms
		Release|x86 = Release|x86
	EndGlobalSection
	GlobalSection(ProjectConfigurationPlatforms) = postSolution
		{DDCADBEE-4C66-43BD-A1C8-76265134B9F2}.Debug|Any CPU.ActiveCfg = Debug|Any CPU
		{DDCADBEE-4C66-43BD-A1C8-76265134B9F2}.Debug|Any CPU.Build.0 = Debug|Any CPU
		{DDCADBEE-4C66-43BD-A1C8-76265134B9F2}.Debug|Mixed Platforms.ActiveCfg = Debug|Any CPU
		{DDCADBEE-4C66-43BD-A1C8-76265134B9F2}.Debug|Mixed Platforms.Build.0 = Debug|Any CPU
		{DDCADBEE-4C66-43BD-A1C8-76265134B9F2}.Debug|x86.ActiveCfg = Debug|Any CPU
		{DDCADBEE-4C66-43BD-A1C8-76265134B9F2}.Release|Any CPU.ActiveCfg = Release|Any CPU
		{DDCADBEE-4C66-43BD-A1C8-76265134B9F2}.Release|Any CPU.Build.0 = Release|Any CPU
		{DDCADBEE-4C66-43BD-A1C8-76265134B9F2}.Release|Mixed Platforms.ActiveCfg = Release|Any CPU
		{DDCADBEE-4C66-43BD-A1C8-76265134B9F2}.Release|Mixed Platforms.Build.0 = Release|Any CPU
		{DDCADBEE-4C66-43BD-A1C8-76265134B9F2}.Release|x86.ActiveCfg = Release|Any CPU
		{0CB524D0-68CB-47B8-8B9F-9915CBE19F31}.Debug|Any CPU.ActiveCfg = Debug|Any CPU
		{0CB524D0-68CB-47B8-8B9F-9915CBE19F31}.Debug|Any CPU.Build.0 = Debug|Any CPU
		{0CB524D0-68CB-47B8-8B9F-9915CBE19F31}.Debug|Mixed Platforms.ActiveCfg = Debug|Any CPU
		{0CB524D0-68CB-47B8-8B9F-9915CBE19F31}.Debug|Mixed Platforms.Build.0 = Debug|Any CPU
		{0CB524D0-68CB-47B8-8B9F-9915CBE19F31}.Debug|x86.ActiveCfg = Debug|Any CPU
		{0CB524D0-68CB-47B8-8B9F-9915CBE19F31}.Release|Any CPU.ActiveCfg = Release|Any CPU
		{0CB524D0-68CB-47B8-8B9F-9915CBE19F31}.Release|Any CPU.Build.0 = Release|Any CPU
		{0CB524D0-68CB-47B8-8B9F-9915CBE19F31}.Release|Mixed Platforms.ActiveCfg = Release|Any CPU
		{0CB524D0-68CB-47B8-8B9F-9915CBE19F31}.Release|Mixed Platforms.Build.0 = Release|Any CPU
		{0CB524D0-68CB-47B8-8B9F-9915CBE19F31}.Release|x86.ActiveCfg = Release|Any CPU
		{3B98F11D-5383-4856-B82A-9EB6AE800603}.Debug|Any CPU.ActiveCfg = Debug|Any CPU
		{3B98F11D-5383-4856-B82A-9EB6AE800603}.Debug|Any CPU.Build.0 = Debug|Any CPU
		{3B98F11D-5383-4856-B82A-9EB6AE800603}.Debug|Mixed Platforms.ActiveCfg = Debug|Any CPU
		{3B98F11D-5383-4856-B82A-9EB6AE800603}.Debug|Mixed Platforms.Build.0 = Debug|Any CPU
		{3B98F11D-5383-4856-B82A-9EB6AE800603}.Debug|x86.ActiveCfg = Debug|Any CPU
		{3B98F11D-5383-4856-B82A-9EB6AE800603}.Release|Any CPU.ActiveCfg = Release|Any CPU
		{3B98F11D-5383-4856-B82A-9EB6AE800603}.Release|Any CPU.Build.0 = Release|Any CPU
		{3B98F11D-5383-4856-B82A-9EB6AE800603}.Release|Mixed Platforms.ActiveCfg = Release|Any CPU
		{3B98F11D-5383-4856-B82A-9EB6AE800603}.Release|Mixed Platforms.Build.0 = Release|Any CPU
		{3B98F11D-5383-4856-B82A-9EB6AE800603}.Release|x86.ActiveCfg = Release|Any CPU
		{0C072ED7-DAB6-4657-B92B-65EB54810774}.Debug|Any CPU.ActiveCfg = Debug|Any CPU
		{0C072ED7-DAB6-4657-B92B-65EB54810774}.Debug|Any CPU.Build.0 = Debug|Any CPU
		{0C072ED7-DAB6-4657-B92B-65EB54810774}.Debug|Mixed Platforms.ActiveCfg = Debug|Any CPU
		{0C072ED7-DAB6-4657-B92B-65EB54810774}.Debug|Mixed Platforms.Build.0 = Debug|Any CPU
		{0C072ED7-DAB6-4657-B92B-65EB54810774}.Debug|x86.ActiveCfg = Debug|Any CPU
		{0C072ED7-DAB6-4657-B92B-65EB54810774}.Release|Any CPU.ActiveCfg = Release|Any CPU
		{0C072ED7-DAB6-4657-B92B-65EB54810774}.Release|Any CPU.Build.0 = Release|Any CPU
		{0C072ED7-DAB6-4657-B92B-65EB54810774}.Release|Mixed Platforms.ActiveCfg = Release|Any CPU
		{0C072ED7-DAB6-4657-B92B-65EB54810774}.Release|Mixed Platforms.Build.0 = Release|Any CPU
		{0C072ED7-DAB6-4657-B92B-65EB54810774}.Release|x86.ActiveCfg = Release|Any CPU
		{69820BD8-912B-461F-BDC2-AFA43E318953}.Debug|Any CPU.ActiveCfg = Debug|Any CPU
		{69820BD8-912B-461F-BDC2-AFA43E318953}.Debug|Any CPU.Build.0 = Debug|Any CPU
		{69820BD8-912B-461F-BDC2-AFA43E318953}.Debug|Mixed Platforms.ActiveCfg = Debug|Any CPU
		{69820BD8-912B-461F-BDC2-AFA43E318953}.Debug|Mixed Platforms.Build.0 = Debug|Any CPU
		{69820BD8-912B-461F-BDC2-AFA43E318953}.Debug|x86.ActiveCfg = Debug|Any CPU
		{69820BD8-912B-461F-BDC2-AFA43E318953}.Release|Any CPU.ActiveCfg = Release|Any CPU
		{69820BD8-912B-461F-BDC2-AFA43E318953}.Release|Any CPU.Build.0 = Release|Any CPU
		{69820BD8-912B-461F-BDC2-AFA43E318953}.Release|Mixed Platforms.ActiveCfg = Release|Any CPU
		{69820BD8-912B-461F-BDC2-AFA43E318953}.Release|Mixed Platforms.Build.0 = Release|Any CPU
		{69820BD8-912B-461F-BDC2-AFA43E318953}.Release|x86.ActiveCfg = Release|Any CPU
		{770EAFE0-B840-4A4A-B32D-FE19DDD8603A}.Debug|Any CPU.ActiveCfg = Debug|Any CPU
		{770EAFE0-B840-4A4A-B32D-FE19DDD8603A}.Debug|Any CPU.Build.0 = Debug|Any CPU
		{770EAFE0-B840-4A4A-B32D-FE19DDD8603A}.Debug|Mixed Platforms.ActiveCfg = Debug|Any CPU
		{770EAFE0-B840-4A4A-B32D-FE19DDD8603A}.Debug|Mixed Platforms.Build.0 = Debug|Any CPU
		{770EAFE0-B840-4A4A-B32D-FE19DDD8603A}.Debug|x86.ActiveCfg = Debug|Any CPU
		{770EAFE0-B840-4A4A-B32D-FE19DDD8603A}.Release|Any CPU.ActiveCfg = Release|Any CPU
		{770EAFE0-B840-4A4A-B32D-FE19DDD8603A}.Release|Any CPU.Build.0 = Release|Any CPU
		{770EAFE0-B840-4A4A-B32D-FE19DDD8603A}.Release|Mixed Platforms.ActiveCfg = Release|Any CPU
		{770EAFE0-B840-4A4A-B32D-FE19DDD8603A}.Release|Mixed Platforms.Build.0 = Release|Any CPU
		{770EAFE0-B840-4A4A-B32D-FE19DDD8603A}.Release|x86.ActiveCfg = Release|Any CPU
		{2CC86C4C-7F7F-418D-9828-EC99960E4C5C}.Debug|Any CPU.ActiveCfg = Debug|Any CPU
		{2CC86C4C-7F7F-418D-9828-EC99960E4C5C}.Debug|Any CPU.Build.0 = Debug|Any CPU
		{2CC86C4C-7F7F-418D-9828-EC99960E4C5C}.Debug|Mixed Platforms.ActiveCfg = Debug|Any CPU
		{2CC86C4C-7F7F-418D-9828-EC99960E4C5C}.Debug|Mixed Platforms.Build.0 = Debug|Any CPU
		{2CC86C4C-7F7F-418D-9828-EC99960E4C5C}.Debug|x86.ActiveCfg = Debug|Any CPU
		{2CC86C4C-7F7F-418D-9828-EC99960E4C5C}.Release|Any CPU.ActiveCfg = Release|Any CPU
		{2CC86C4C-7F7F-418D-9828-EC99960E4C5C}.Release|Any CPU.Build.0 = Release|Any CPU
		{2CC86C4C-7F7F-418D-9828-EC99960E4C5C}.Release|Mixed Platforms.ActiveCfg = Release|Any CPU
		{2CC86C4C-7F7F-418D-9828-EC99960E4C5C}.Release|Mixed Platforms.Build.0 = Release|Any CPU
		{2CC86C4C-7F7F-418D-9828-EC99960E4C5C}.Release|x86.ActiveCfg = Release|Any CPU
		{EDFF63AB-3B20-41E6-869D-26AA995DE025}.Debug|Any CPU.ActiveCfg = Debug|Any CPU
		{EDFF63AB-3B20-41E6-869D-26AA995DE025}.Debug|Any CPU.Build.0 = Debug|Any CPU
		{EDFF63AB-3B20-41E6-869D-26AA995DE025}.Debug|Mixed Platforms.ActiveCfg = Debug|Any CPU
		{EDFF63AB-3B20-41E6-869D-26AA995DE025}.Debug|Mixed Platforms.Build.0 = Debug|Any CPU
		{EDFF63AB-3B20-41E6-869D-26AA995DE025}.Debug|x86.ActiveCfg = Debug|Any CPU
		{EDFF63AB-3B20-41E6-869D-26AA995DE025}.Release|Any CPU.ActiveCfg = Release|Any CPU
		{EDFF63AB-3B20-41E6-869D-26AA995DE025}.Release|Any CPU.Build.0 = Release|Any CPU
		{EDFF63AB-3B20-41E6-869D-26AA995DE025}.Release|Mixed Platforms.ActiveCfg = Release|Any CPU
		{EDFF63AB-3B20-41E6-869D-26AA995DE025}.Release|Mixed Platforms.Build.0 = Release|Any CPU
		{EDFF63AB-3B20-41E6-869D-26AA995DE025}.Release|x86.ActiveCfg = Release|Any CPU
		{A2327927-2E7F-4DF7-83D8-BB617A3BB72D}.Debug|Any CPU.ActiveCfg = Debug|Any CPU
		{A2327927-2E7F-4DF7-83D8-BB617A3BB72D}.Debug|Any CPU.Build.0 = Debug|Any CPU
		{A2327927-2E7F-4DF7-83D8-BB617A3BB72D}.Debug|Mixed Platforms.ActiveCfg = Debug|Any CPU
		{A2327927-2E7F-4DF7-83D8-BB617A3BB72D}.Debug|Mixed Platforms.Build.0 = Debug|Any CPU
		{A2327927-2E7F-4DF7-83D8-BB617A3BB72D}.Debug|x86.ActiveCfg = Debug|Any CPU
		{A2327927-2E7F-4DF7-83D8-BB617A3BB72D}.Release|Any CPU.ActiveCfg = Release|Any CPU
		{A2327927-2E7F-4DF7-83D8-BB617A3BB72D}.Release|Any CPU.Build.0 = Release|Any CPU
		{A2327927-2E7F-4DF7-83D8-BB617A3BB72D}.Release|Mixed Platforms.ActiveCfg = Release|Any CPU
		{A2327927-2E7F-4DF7-83D8-BB617A3BB72D}.Release|Mixed Platforms.Build.0 = Release|Any CPU
		{A2327927-2E7F-4DF7-83D8-BB617A3BB72D}.Release|x86.ActiveCfg = Release|Any CPU
		{55CA50AC-5C76-44B4-9579-FF9090E1D905}.Debug|Any CPU.ActiveCfg = Debug|Any CPU
		{55CA50AC-5C76-44B4-9579-FF9090E1D905}.Debug|Any CPU.Build.0 = Debug|Any CPU
		{55CA50AC-5C76-44B4-9579-FF9090E1D905}.Debug|Mixed Platforms.ActiveCfg = Debug|Any CPU
		{55CA50AC-5C76-44B4-9579-FF9090E1D905}.Debug|Mixed Platforms.Build.0 = Debug|Any CPU
		{55CA50AC-5C76-44B4-9579-FF9090E1D905}.Debug|x86.ActiveCfg = Debug|Any CPU
		{55CA50AC-5C76-44B4-9579-FF9090E1D905}.Release|Any CPU.ActiveCfg = Release|Any CPU
		{55CA50AC-5C76-44B4-9579-FF9090E1D905}.Release|Any CPU.Build.0 = Release|Any CPU
		{55CA50AC-5C76-44B4-9579-FF9090E1D905}.Release|Mixed Platforms.ActiveCfg = Release|Any CPU
		{55CA50AC-5C76-44B4-9579-FF9090E1D905}.Release|Mixed Platforms.Build.0 = Release|Any CPU
		{55CA50AC-5C76-44B4-9579-FF9090E1D905}.Release|x86.ActiveCfg = Release|Any CPU
		{331B4A2C-5544-4D0E-B471-ABADA28B2496}.Debug|Any CPU.ActiveCfg = Debug|Any CPU
		{331B4A2C-5544-4D0E-B471-ABADA28B2496}.Debug|Any CPU.Build.0 = Debug|Any CPU
		{331B4A2C-5544-4D0E-B471-ABADA28B2496}.Debug|Mixed Platforms.ActiveCfg = Debug|Any CPU
		{331B4A2C-5544-4D0E-B471-ABADA28B2496}.Debug|Mixed Platforms.Build.0 = Debug|Any CPU
		{331B4A2C-5544-4D0E-B471-ABADA28B2496}.Debug|x86.ActiveCfg = Debug|Any CPU
		{331B4A2C-5544-4D0E-B471-ABADA28B2496}.Release|Any CPU.ActiveCfg = Release|Any CPU
		{331B4A2C-5544-4D0E-B471-ABADA28B2496}.Release|Any CPU.Build.0 = Release|Any CPU
		{331B4A2C-5544-4D0E-B471-ABADA28B2496}.Release|Mixed Platforms.ActiveCfg = Release|Any CPU
		{331B4A2C-5544-4D0E-B471-ABADA28B2496}.Release|Mixed Platforms.Build.0 = Release|Any CPU
		{331B4A2C-5544-4D0E-B471-ABADA28B2496}.Release|x86.ActiveCfg = Release|Any CPU
		{88554C06-0A93-4EE2-BF13-670433414698}.Debug|Any CPU.ActiveCfg = Debug|Any CPU
		{88554C06-0A93-4EE2-BF13-670433414698}.Debug|Any CPU.Build.0 = Debug|Any CPU
		{88554C06-0A93-4EE2-BF13-670433414698}.Debug|Mixed Platforms.ActiveCfg = Debug|Any CPU
		{88554C06-0A93-4EE2-BF13-670433414698}.Debug|Mixed Platforms.Build.0 = Debug|Any CPU
		{88554C06-0A93-4EE2-BF13-670433414698}.Debug|x86.ActiveCfg = Debug|Any CPU
		{88554C06-0A93-4EE2-BF13-670433414698}.Release|Any CPU.ActiveCfg = Release|Any CPU
		{88554C06-0A93-4EE2-BF13-670433414698}.Release|Any CPU.Build.0 = Release|Any CPU
		{88554C06-0A93-4EE2-BF13-670433414698}.Release|Mixed Platforms.ActiveCfg = Release|Any CPU
		{88554C06-0A93-4EE2-BF13-670433414698}.Release|Mixed Platforms.Build.0 = Release|Any CPU
		{88554C06-0A93-4EE2-BF13-670433414698}.Release|x86.ActiveCfg = Release|Any CPU
		{467E249E-6656-499E-BA28-299DA422FB6B}.Debug|Any CPU.ActiveCfg = Debug|x86
		{467E249E-6656-499E-BA28-299DA422FB6B}.Debug|Mixed Platforms.ActiveCfg = Debug|x86
		{467E249E-6656-499E-BA28-299DA422FB6B}.Debug|Mixed Platforms.Build.0 = Debug|x86
		{467E249E-6656-499E-BA28-299DA422FB6B}.Debug|x86.ActiveCfg = Debug|x86
		{467E249E-6656-499E-BA28-299DA422FB6B}.Debug|x86.Build.0 = Debug|x86
		{467E249E-6656-499E-BA28-299DA422FB6B}.Release|Any CPU.ActiveCfg = Release|x86
		{467E249E-6656-499E-BA28-299DA422FB6B}.Release|Mixed Platforms.ActiveCfg = Release|x86
		{467E249E-6656-499E-BA28-299DA422FB6B}.Release|Mixed Platforms.Build.0 = Release|x86
		{467E249E-6656-499E-BA28-299DA422FB6B}.Release|x86.ActiveCfg = Release|x86
		{467E249E-6656-499E-BA28-299DA422FB6B}.Release|x86.Build.0 = Release|x86
		{BCCBF883-0C0D-40FF-95B6-A2777DFF63DC}.Debug|Any CPU.ActiveCfg = Debug|Any CPU
		{BCCBF883-0C0D-40FF-95B6-A2777DFF63DC}.Debug|Any CPU.Build.0 = Debug|Any CPU
		{BCCBF883-0C0D-40FF-95B6-A2777DFF63DC}.Debug|Mixed Platforms.ActiveCfg = Debug|Any CPU
		{BCCBF883-0C0D-40FF-95B6-A2777DFF63DC}.Debug|Mixed Platforms.Build.0 = Debug|Any CPU
		{BCCBF883-0C0D-40FF-95B6-A2777DFF63DC}.Debug|x86.ActiveCfg = Debug|Any CPU
		{BCCBF883-0C0D-40FF-95B6-A2777DFF63DC}.Release|Any CPU.ActiveCfg = Release|Any CPU
		{BCCBF883-0C0D-40FF-95B6-A2777DFF63DC}.Release|Any CPU.Build.0 = Release|Any CPU
		{BCCBF883-0C0D-40FF-95B6-A2777DFF63DC}.Release|Mixed Platforms.ActiveCfg = Release|Any CPU
		{BCCBF883-0C0D-40FF-95B6-A2777DFF63DC}.Release|Mixed Platforms.Build.0 = Release|Any CPU
		{BCCBF883-0C0D-40FF-95B6-A2777DFF63DC}.Release|x86.ActiveCfg = Release|Any CPU
		{BA9B8BA4-B971-429B-8F42-7D5633EBE625}.Debug|Any CPU.ActiveCfg = Debug|Any CPU
		{BA9B8BA4-B971-429B-8F42-7D5633EBE625}.Debug|Any CPU.Build.0 = Debug|Any CPU
		{BA9B8BA4-B971-429B-8F42-7D5633EBE625}.Debug|Mixed Platforms.ActiveCfg = Debug|Any CPU
		{BA9B8BA4-B971-429B-8F42-7D5633EBE625}.Debug|Mixed Platforms.Build.0 = Debug|Any CPU
		{BA9B8BA4-B971-429B-8F42-7D5633EBE625}.Debug|x86.ActiveCfg = Debug|Any CPU
		{BA9B8BA4-B971-429B-8F42-7D5633EBE625}.Release|Any CPU.ActiveCfg = Release|Any CPU
		{BA9B8BA4-B971-429B-8F42-7D5633EBE625}.Release|Any CPU.Build.0 = Release|Any CPU
		{BA9B8BA4-B971-429B-8F42-7D5633EBE625}.Release|Mixed Platforms.ActiveCfg = Release|Any CPU
		{BA9B8BA4-B971-429B-8F42-7D5633EBE625}.Release|Mixed Platforms.Build.0 = Release|Any CPU
		{BA9B8BA4-B971-429B-8F42-7D5633EBE625}.Release|x86.ActiveCfg = Release|Any CPU
	EndGlobalSection
	GlobalSection(SolutionProperties) = preSolution
		HideSolutionNode = FALSE
	EndGlobalSection
	GlobalSection(NestedProjects) = preSolution
		{0CB524D0-68CB-47B8-8B9F-9915CBE19F31} = {A3F6AFC3-E13E-4438-B8DD-A5E0314A4D77}
		{3B98F11D-5383-4856-B82A-9EB6AE800603} = {A3F6AFC3-E13E-4438-B8DD-A5E0314A4D77}
		{0C072ED7-DAB6-4657-B92B-65EB54810774} = {A3F6AFC3-E13E-4438-B8DD-A5E0314A4D77}
		{69820BD8-912B-461F-BDC2-AFA43E318953} = {A3F6AFC3-E13E-4438-B8DD-A5E0314A4D77}
		{770EAFE0-B840-4A4A-B32D-FE19DDD8603A} = {A3F6AFC3-E13E-4438-B8DD-A5E0314A4D77}
		{DDCADBEE-4C66-43BD-A1C8-76265134B9F2} = {A3F6AFC3-E13E-4438-B8DD-A5E0314A4D77}
		{BCCBF883-0C0D-40FF-95B6-A2777DFF63DC} = {A3F6AFC3-E13E-4438-B8DD-A5E0314A4D77}
		{BA9B8BA4-B971-429B-8F42-7D5633EBE625} = {A3F6AFC3-E13E-4438-B8DD-A5E0314A4D77}
		{2CC86C4C-7F7F-418D-9828-EC99960E4C5C} = {E9E1590F-7487-42B3-8315-2610C58E428C}
		{EDFF63AB-3B20-41E6-869D-26AA995DE025} = {E9E1590F-7487-42B3-8315-2610C58E428C}
		{A2327927-2E7F-4DF7-83D8-BB617A3BB72D} = {E9E1590F-7487-42B3-8315-2610C58E428C}
		{55CA50AC-5C76-44B4-9579-FF9090E1D905} = {E9E1590F-7487-42B3-8315-2610C58E428C}
		{331B4A2C-5544-4D0E-B471-ABADA28B2496} = {E9E1590F-7487-42B3-8315-2610C58E428C}
		{88554C06-0A93-4EE2-BF13-670433414698} = {E9E1590F-7487-42B3-8315-2610C58E428C}
		{467E249E-6656-499E-BA28-299DA422FB6B} = {E9E1590F-7487-42B3-8315-2610C58E428C}
	EndGlobalSection
EndGlobal
